// !$*UTF8*$!
{
	archiveVersion = 1;
	classes = {
	};
	objectVersion = 46;
	objects = {

/* Begin PBXBuildFile section */
		5C3C29CD4A9D827AF1CF80AC /* libPods.a in Frameworks */ = {isa = PBXBuildFile; fileRef = 75FBA64C4CA6E22B7197017E /* libPods.a */; };
		9F35AA9F1B1FEDA400D9D329 /* main.m in Sources */ = {isa = PBXBuildFile; fileRef = 9F35AA9E1B1FEDA400D9D329 /* main.m */; };
		9F35AAA21B1FEDA400D9D329 /* AppDelegate.m in Sources */ = {isa = PBXBuildFile; fileRef = 9F35AAA11B1FEDA400D9D329 /* AppDelegate.m */; };
		9F35AAAA1B1FEDA400D9D329 /* Images.xcassets in Resources */ = {isa = PBXBuildFile; fileRef = 9F35AAA91B1FEDA400D9D329 /* Images.xcassets */; };
		9F35AAB91B1FEDA400D9D329 /* ShanHongProjectTests.m in Sources */ = {isa = PBXBuildFile; fileRef = 9F35AAB81B1FEDA400D9D329 /* ShanHongProjectTests.m */; };
		9F35AAC31B1FEE7C00D9D329 /* Main.storyboard in Resources */ = {isa = PBXBuildFile; fileRef = 9F35AAC21B1FEE7C00D9D329 /* Main.storyboard */; };
		9F35AB0F1B201FE300D9D329 /* contact_click.png in Resources */ = {isa = PBXBuildFile; fileRef = 9F35AAF91B201FE300D9D329 /* contact_click.png */; };
		9F35AB101B201FE300D9D329 /* contact.png in Resources */ = {isa = PBXBuildFile; fileRef = 9F35AAFA1B201FE300D9D329 /* contact.png */; };
		9F35AB111B201FE300D9D329 /* flood_click.png in Resources */ = {isa = PBXBuildFile; fileRef = 9F35AAFB1B201FE300D9D329 /* flood_click.png */; };
		9F35AB121B201FE300D9D329 /* flood.png in Resources */ = {isa = PBXBuildFile; fileRef = 9F35AAFC1B201FE300D9D329 /* flood.png */; };
		9F35AB131B201FE300D9D329 /* gis_click.png in Resources */ = {isa = PBXBuildFile; fileRef = 9F35AAFD1B201FE300D9D329 /* gis_click.png */; };
		9F35AB141B201FE300D9D329 /* gis.png in Resources */ = {isa = PBXBuildFile; fileRef = 9F35AAFE1B201FE300D9D329 /* gis.png */; };
		9F35AB151B201FE300D9D329 /* plan_click.png in Resources */ = {isa = PBXBuildFile; fileRef = 9F35AAFF1B201FE300D9D329 /* plan_click.png */; };
		9F35AB161B201FE300D9D329 /* plan.png in Resources */ = {isa = PBXBuildFile; fileRef = 9F35AB001B201FE300D9D329 /* plan.png */; };
		9F35AB171B201FE300D9D329 /* project_click.png in Resources */ = {isa = PBXBuildFile; fileRef = 9F35AB011B201FE300D9D329 /* project_click.png */; };
		9F35AB181B201FE300D9D329 /* project.png in Resources */ = {isa = PBXBuildFile; fileRef = 9F35AB021B201FE300D9D329 /* project.png */; };
		9F35AB191B201FE300D9D329 /* qixiang_click.png in Resources */ = {isa = PBXBuildFile; fileRef = 9F35AB031B201FE300D9D329 /* qixiang_click.png */; };
		9F35AB1A1B201FE300D9D329 /* qixiang.png in Resources */ = {isa = PBXBuildFile; fileRef = 9F35AB041B201FE300D9D329 /* qixiang.png */; };
		9F35AB1B1B201FE300D9D329 /* rain_click.png in Resources */ = {isa = PBXBuildFile; fileRef = 9F35AB051B201FE300D9D329 /* rain_click.png */; };
		9F35AB1C1B201FE300D9D329 /* rain.png in Resources */ = {isa = PBXBuildFile; fileRef = 9F35AB061B201FE300D9D329 /* rain.png */; };
		9F35AB1D1B201FE300D9D329 /* setting_click.png in Resources */ = {isa = PBXBuildFile; fileRef = 9F35AB071B201FE300D9D329 /* setting_click.png */; };
		9F35AB1E1B201FE300D9D329 /* setting.png in Resources */ = {isa = PBXBuildFile; fileRef = 9F35AB081B201FE300D9D329 /* setting.png */; };
		9F35AB1F1B201FE300D9D329 /* typooh_click.png in Resources */ = {isa = PBXBuildFile; fileRef = 9F35AB091B201FE300D9D329 /* typooh_click.png */; };
		9F35AB201B201FE300D9D329 /* typooh.png in Resources */ = {isa = PBXBuildFile; fileRef = 9F35AB0A1B201FE300D9D329 /* typooh.png */; };
		9F35AB211B201FE300D9D329 /* water_click.png in Resources */ = {isa = PBXBuildFile; fileRef = 9F35AB0B1B201FE300D9D329 /* water_click.png */; };
		9F35AB221B201FE300D9D329 /* water.png in Resources */ = {isa = PBXBuildFile; fileRef = 9F35AB0C1B201FE300D9D329 /* water.png */; };
		9F35AB231B201FE300D9D329 /* weather_click.png in Resources */ = {isa = PBXBuildFile; fileRef = 9F35AB0D1B201FE300D9D329 /* weather_click.png */; };
		9F35AB241B201FE300D9D329 /* weather.png in Resources */ = {isa = PBXBuildFile; fileRef = 9F35AB0E1B201FE300D9D329 /* weather.png */; };
		9F3722641B39033E00E468AF /* ProjectViewController.m in Sources */ = {isa = PBXBuildFile; fileRef = 9F3722631B39033E00E468AF /* ProjectViewController.m */; };
		9F3722671B39295A00E468AF /* ProjectListController.m in Sources */ = {isa = PBXBuildFile; fileRef = 9F3722661B39295A00E468AF /* ProjectListController.m */; };
		9F37229F1B39330E00E468AF /* ProjectDetailController.m in Sources */ = {isa = PBXBuildFile; fileRef = 9F37229E1B39330E00E468AF /* ProjectDetailController.m */; };
		9F3AE1271B2FEE04005EFC86 /* WeatherObject.m in Sources */ = {isa = PBXBuildFile; fileRef = 9F3AE1261B2FEE04005EFC86 /* WeatherObject.m */; };
		9F3AE12A1B2FEEE4005EFC86 /* QiXiangObject.m in Sources */ = {isa = PBXBuildFile; fileRef = 9F3AE1291B2FEEE4005EFC86 /* QiXiangObject.m */; };
		9F3AE12E1B2FF0CC005EFC86 /* QiXiangViewController.m in Sources */ = {isa = PBXBuildFile; fileRef = 9F3AE12D1B2FF0CC005EFC86 /* QiXiangViewController.m */; };
		9F3AE1321B2FF100005EFC86 /* WeatherViewController.m in Sources */ = {isa = PBXBuildFile; fileRef = 9F3AE1311B2FF100005EFC86 /* WeatherViewController.m */; };
		9F3AE1351B2FF3C3005EFC86 /* QxDetailController.m in Sources */ = {isa = PBXBuildFile; fileRef = 9F3AE1341B2FF3C3005EFC86 /* QxDetailController.m */; };
		9F3AE1411B30153A005EFC86 /* cloudy.png in Resources */ = {isa = PBXBuildFile; fileRef = 9F3AE1371B30153A005EFC86 /* cloudy.png */; };
		9F3AE1421B30153A005EFC86 /* foggy.png in Resources */ = {isa = PBXBuildFile; fileRef = 9F3AE1381B30153A005EFC86 /* foggy.png */; };
		9F3AE1431B30153A005EFC86 /* rainy.png in Resources */ = {isa = PBXBuildFile; fileRef = 9F3AE1391B30153A005EFC86 /* rainy.png */; };
		9F3AE1441B30153A005EFC86 /* shady.png in Resources */ = {isa = PBXBuildFile; fileRef = 9F3AE13A1B30153A005EFC86 /* shady.png */; };
		9F3AE1451B30153A005EFC86 /* showers.png in Resources */ = {isa = PBXBuildFile; fileRef = 9F3AE13B1B30153A005EFC86 /* showers.png */; };
		9F3AE1461B30153A005EFC86 /* snowy.png in Resources */ = {isa = PBXBuildFile; fileRef = 9F3AE13C1B30153A005EFC86 /* snowy.png */; };
		9F3AE1471B30153A005EFC86 /* sun.png in Resources */ = {isa = PBXBuildFile; fileRef = 9F3AE13D1B30153A005EFC86 /* sun.png */; };
		9F3AE1481B30153A005EFC86 /* sunny.png in Resources */ = {isa = PBXBuildFile; fileRef = 9F3AE13E1B30153A005EFC86 /* sunny.png */; };
		9F3AE1491B30153A005EFC86 /* sunTocloudy.png in Resources */ = {isa = PBXBuildFile; fileRef = 9F3AE13F1B30153A005EFC86 /* sunTocloudy.png */; };
		9F3AE14A1B30153A005EFC86 /* tq.jpg in Resources */ = {isa = PBXBuildFile; fileRef = 9F3AE1401B30153A005EFC86 /* tq.jpg */; };
		9F3CE9E81B27C6F60068EBA7 /* SVProgressHUD.bundle in Resources */ = {isa = PBXBuildFile; fileRef = 9F3CE9E51B27C6F60068EBA7 /* SVProgressHUD.bundle */; };
		9F3CE9E91B27C6F60068EBA7 /* SVProgressHUD.m in Sources */ = {isa = PBXBuildFile; fileRef = 9F3CE9E71B27C6F60068EBA7 /* SVProgressHUD.m */; };
		9F3D62491B26B6390012D7CF /* StationSelectController.m in Sources */ = {isa = PBXBuildFile; fileRef = 9F3D62481B26B6390012D7CF /* StationSelectController.m */; };
		9F3D624C1B26CF3C0012D7CF /* RainHeaderView.xib in Resources */ = {isa = PBXBuildFile; fileRef = 9F3D624B1B26CF3C0012D7CF /* RainHeaderView.xib */; };
		9F3D624E1B26CF500012D7CF /* Rain.xib in Resources */ = {isa = PBXBuildFile; fileRef = 9F3D624D1B26CF500012D7CF /* Rain.xib */; };
		9F3D62521B26CF7E0012D7CF /* RainCell.m in Sources */ = {isa = PBXBuildFile; fileRef = 9F3D62511B26CF7E0012D7CF /* RainCell.m */; };
		9F3D62541B26CFB20012D7CF /* WaterCell.xib in Resources */ = {isa = PBXBuildFile; fileRef = 9F3D62531B26CFB20012D7CF /* WaterCell.xib */; };
		9F3D62571B26CFBB0012D7CF /* WaterCell.m in Sources */ = {isa = PBXBuildFile; fileRef = 9F3D62561B26CFBB0012D7CF /* WaterCell.m */; };
		9F3D62591B26CFCE0012D7CF /* CustomHeaderView.xib in Resources */ = {isa = PBXBuildFile; fileRef = 9F3D62581B26CFCE0012D7CF /* CustomHeaderView.xib */; };
		9F3D625C1B26CFE30012D7CF /* CustomHeaderView.m in Sources */ = {isa = PBXBuildFile; fileRef = 9F3D625B1B26CFE30012D7CF /* CustomHeaderView.m */; };
		9F3D62621B26D8130012D7CF /* SiteObject.m in Sources */ = {isa = PBXBuildFile; fileRef = 9F3D62611B26D8130012D7CF /* SiteObject.m */; };
		9F3D62651B26DA220012D7CF /* SingleInstanceObject.m in Sources */ = {isa = PBXBuildFile; fileRef = 9F3D62641B26DA220012D7CF /* SingleInstanceObject.m */; };
		9F4293D61B3CEECE0071F461 /* contact_click@3x.png in Resources */ = {isa = PBXBuildFile; fileRef = 9F4293C01B3CEECE0071F461 /* contact_click@3x.png */; };
		9F4293D71B3CEECE0071F461 /* contact@3x.png in Resources */ = {isa = PBXBuildFile; fileRef = 9F4293C11B3CEECE0071F461 /* contact@3x.png */; };
		9F4293D81B3CEECE0071F461 /* flood_click@3x.png in Resources */ = {isa = PBXBuildFile; fileRef = 9F4293C21B3CEECE0071F461 /* flood_click@3x.png */; };
		9F4293D91B3CEECE0071F461 /* flood@3x.png in Resources */ = {isa = PBXBuildFile; fileRef = 9F4293C31B3CEECE0071F461 /* flood@3x.png */; };
		9F4293DA1B3CEECE0071F461 /* gis_click@3x.png in Resources */ = {isa = PBXBuildFile; fileRef = 9F4293C41B3CEECE0071F461 /* gis_click@3x.png */; };
		9F4293DB1B3CEECE0071F461 /* gis@3x.png in Resources */ = {isa = PBXBuildFile; fileRef = 9F4293C51B3CEECE0071F461 /* gis@3x.png */; };
		9F4293DC1B3CEECE0071F461 /* plan_click@3x.png in Resources */ = {isa = PBXBuildFile; fileRef = 9F4293C61B3CEECE0071F461 /* plan_click@3x.png */; };
		9F4293DD1B3CEECE0071F461 /* plan@3x.png in Resources */ = {isa = PBXBuildFile; fileRef = 9F4293C71B3CEECE0071F461 /* plan@3x.png */; };
		9F4293DE1B3CEECE0071F461 /* project_click@3x.png in Resources */ = {isa = PBXBuildFile; fileRef = 9F4293C81B3CEECE0071F461 /* project_click@3x.png */; };
		9F4293DF1B3CEECE0071F461 /* project@3x.png in Resources */ = {isa = PBXBuildFile; fileRef = 9F4293C91B3CEECE0071F461 /* project@3x.png */; };
		9F4293E01B3CEECE0071F461 /* qixiang_click@3x.png in Resources */ = {isa = PBXBuildFile; fileRef = 9F4293CA1B3CEECE0071F461 /* qixiang_click@3x.png */; };
		9F4293E11B3CEECE0071F461 /* qixiang@3x.png in Resources */ = {isa = PBXBuildFile; fileRef = 9F4293CB1B3CEECE0071F461 /* qixiang@3x.png */; };
		9F4293E21B3CEECE0071F461 /* rain_click@3x.png in Resources */ = {isa = PBXBuildFile; fileRef = 9F4293CC1B3CEECE0071F461 /* rain_click@3x.png */; };
		9F4293E31B3CEECE0071F461 /* rain@3x.png in Resources */ = {isa = PBXBuildFile; fileRef = 9F4293CD1B3CEECE0071F461 /* rain@3x.png */; };
		9F4293E41B3CEECE0071F461 /* setting_click@3x.png in Resources */ = {isa = PBXBuildFile; fileRef = 9F4293CE1B3CEECE0071F461 /* setting_click@3x.png */; };
		9F4293E51B3CEECE0071F461 /* setting@3x.png in Resources */ = {isa = PBXBuildFile; fileRef = 9F4293CF1B3CEECE0071F461 /* setting@3x.png */; };
		9F4293E61B3CEECE0071F461 /* typooh_click@3x.png in Resources */ = {isa = PBXBuildFile; fileRef = 9F4293D01B3CEECE0071F461 /* typooh_click@3x.png */; };
		9F4293E71B3CEECE0071F461 /* typooh@3x.png in Resources */ = {isa = PBXBuildFile; fileRef = 9F4293D11B3CEECE0071F461 /* typooh@3x.png */; };
		9F4293E81B3CEECE0071F461 /* water_click@3x.png in Resources */ = {isa = PBXBuildFile; fileRef = 9F4293D21B3CEECE0071F461 /* water_click@3x.png */; };
		9F4293E91B3CEECE0071F461 /* water@3x.png in Resources */ = {isa = PBXBuildFile; fileRef = 9F4293D31B3CEECE0071F461 /* water@3x.png */; };
		9F4293EA1B3CEECE0071F461 /* weather_click@3x.png in Resources */ = {isa = PBXBuildFile; fileRef = 9F4293D41B3CEECE0071F461 /* weather_click@3x.png */; };
		9F4293EB1B3CEECE0071F461 /* weather@3x.png in Resources */ = {isa = PBXBuildFile; fileRef = 9F4293D51B3CEECE0071F461 /* weather@3x.png */; };
		9F4294021B3CEF7B0071F461 /* contact_click@2x.png in Resources */ = {isa = PBXBuildFile; fileRef = 9F4293EC1B3CEF7B0071F461 /* contact_click@2x.png */; };
		9F4294031B3CEF7B0071F461 /* contact@2x.png in Resources */ = {isa = PBXBuildFile; fileRef = 9F4293ED1B3CEF7B0071F461 /* contact@2x.png */; };
		9F4294041B3CEF7B0071F461 /* flood_click@2x.png in Resources */ = {isa = PBXBuildFile; fileRef = 9F4293EE1B3CEF7B0071F461 /* flood_click@2x.png */; };
		9F4294051B3CEF7B0071F461 /* flood@2x.png in Resources */ = {isa = PBXBuildFile; fileRef = 9F4293EF1B3CEF7B0071F461 /* flood@2x.png */; };
		9F4294061B3CEF7B0071F461 /* gis_click@2x.png in Resources */ = {isa = PBXBuildFile; fileRef = 9F4293F01B3CEF7B0071F461 /* gis_click@2x.png */; };
		9F4294071B3CEF7B0071F461 /* gis@2x.png in Resources */ = {isa = PBXBuildFile; fileRef = 9F4293F11B3CEF7B0071F461 /* gis@2x.png */; };
		9F4294081B3CEF7B0071F461 /* plan_click@2x.png in Resources */ = {isa = PBXBuildFile; fileRef = 9F4293F21B3CEF7B0071F461 /* plan_click@2x.png */; };
		9F4294091B3CEF7B0071F461 /* plan@2x.png in Resources */ = {isa = PBXBuildFile; fileRef = 9F4293F31B3CEF7B0071F461 /* plan@2x.png */; };
		9F42940A1B3CEF7B0071F461 /* project_click@2x.png in Resources */ = {isa = PBXBuildFile; fileRef = 9F4293F41B3CEF7B0071F461 /* project_click@2x.png */; };
		9F42940B1B3CEF7B0071F461 /* project@2x.png in Resources */ = {isa = PBXBuildFile; fileRef = 9F4293F51B3CEF7B0071F461 /* project@2x.png */; };
		9F42940C1B3CEF7B0071F461 /* qixiang_click@2x.png in Resources */ = {isa = PBXBuildFile; fileRef = 9F4293F61B3CEF7B0071F461 /* qixiang_click@2x.png */; };
		9F42940D1B3CEF7B0071F461 /* qixiang@2x.png in Resources */ = {isa = PBXBuildFile; fileRef = 9F4293F71B3CEF7B0071F461 /* qixiang@2x.png */; };
		9F42940E1B3CEF7B0071F461 /* rain_click@2x.png in Resources */ = {isa = PBXBuildFile; fileRef = 9F4293F81B3CEF7B0071F461 /* rain_click@2x.png */; };
		9F42940F1B3CEF7B0071F461 /* rain@2x.png in Resources */ = {isa = PBXBuildFile; fileRef = 9F4293F91B3CEF7B0071F461 /* rain@2x.png */; };
		9F4294101B3CEF7B0071F461 /* setting_click@2x.png in Resources */ = {isa = PBXBuildFile; fileRef = 9F4293FA1B3CEF7B0071F461 /* setting_click@2x.png */; };
		9F4294111B3CEF7B0071F461 /* setting@2x.png in Resources */ = {isa = PBXBuildFile; fileRef = 9F4293FB1B3CEF7B0071F461 /* setting@2x.png */; };
		9F4294121B3CEF7B0071F461 /* typooh_click@2x.png in Resources */ = {isa = PBXBuildFile; fileRef = 9F4293FC1B3CEF7B0071F461 /* typooh_click@2x.png */; };
		9F4294131B3CEF7B0071F461 /* typooh@2x.png in Resources */ = {isa = PBXBuildFile; fileRef = 9F4293FD1B3CEF7B0071F461 /* typooh@2x.png */; };
		9F4294141B3CEF7B0071F461 /* water_click@2x.png in Resources */ = {isa = PBXBuildFile; fileRef = 9F4293FE1B3CEF7B0071F461 /* water_click@2x.png */; };
		9F4294151B3CEF7B0071F461 /* water@2x.png in Resources */ = {isa = PBXBuildFile; fileRef = 9F4293FF1B3CEF7B0071F461 /* water@2x.png */; };
		9F4294161B3CEF7B0071F461 /* weather_click@2x.png in Resources */ = {isa = PBXBuildFile; fileRef = 9F4294001B3CEF7B0071F461 /* weather_click@2x.png */; };
		9F4294171B3CEF7B0071F461 /* weather@2x.png in Resources */ = {isa = PBXBuildFile; fileRef = 9F4294011B3CEF7B0071F461 /* weather@2x.png */; };
		9F4294201B3CFE6F0071F461 /* user@2x.png in Resources */ = {isa = PBXBuildFile; fileRef = 9F42941E1B3CFE6F0071F461 /* user@2x.png */; };
		9F4294211B3CFE6F0071F461 /* user@3x.png in Resources */ = {isa = PBXBuildFile; fileRef = 9F42941F1B3CFE6F0071F461 /* user@3x.png */; };
		9F4294231B3CFE850071F461 /* password@2x.png in Resources */ = {isa = PBXBuildFile; fileRef = 9F4294221B3CFE850071F461 /* password@2x.png */; };
		9F4294251B3CFE8B0071F461 /* password@3x.png in Resources */ = {isa = PBXBuildFile; fileRef = 9F4294241B3CFE8B0071F461 /* password@3x.png */; };
		9F4294281B3CFE960071F461 /* password.png in Resources */ = {isa = PBXBuildFile; fileRef = 9F4294261B3CFE960071F461 /* password.png */; };
		9F4294291B3CFE960071F461 /* user.png in Resources */ = {isa = PBXBuildFile; fileRef = 9F4294271B3CFE960071F461 /* user.png */; };
		9F42942C1B3D27500071F461 /* ProjectObject.m in Sources */ = {isa = PBXBuildFile; fileRef = 9F42942B1B3D27500071F461 /* ProjectObject.m */; };
		9F45467F1B31162E005FACCC /* UUBar.m in Sources */ = {isa = PBXBuildFile; fileRef = 9F4546741B31162E005FACCC /* UUBar.m */; };
		9F4546801B31162E005FACCC /* UUBarChart.m in Sources */ = {isa = PBXBuildFile; fileRef = 9F4546761B31162E005FACCC /* UUBarChart.m */; };
		9F4546811B31162E005FACCC /* UUChart.m in Sources */ = {isa = PBXBuildFile; fileRef = 9F4546781B31162E005FACCC /* UUChart.m */; };
		9F4546821B31162E005FACCC /* UUChartLabel.m in Sources */ = {isa = PBXBuildFile; fileRef = 9F45467A1B31162E005FACCC /* UUChartLabel.m */; };
		9F4546831B31162E005FACCC /* UUColor.m in Sources */ = {isa = PBXBuildFile; fileRef = 9F45467C1B31162E005FACCC /* UUColor.m */; };
		9F4546841B31162E005FACCC /* UULineChart.m in Sources */ = {isa = PBXBuildFile; fileRef = 9F45467E1B31162E005FACCC /* UULineChart.m */; };
		9F4546871B311660005FACCC /* ChartObject.m in Sources */ = {isa = PBXBuildFile; fileRef = 9F4546861B311660005FACCC /* ChartObject.m */; };
		9F45468C1B311B25005FACCC /* ChartViewController.m in Sources */ = {isa = PBXBuildFile; fileRef = 9F45468B1B311B25005FACCC /* ChartViewController.m */; };
		9F45468F1B314649005FACCC /* left.png in Resources */ = {isa = PBXBuildFile; fileRef = 9F45468D1B314649005FACCC /* left.png */; };
		9F4546901B314649005FACCC /* right.png in Resources */ = {isa = PBXBuildFile; fileRef = 9F45468E1B314649005FACCC /* right.png */; };
		9F4546921B3146EE005FACCC /* filter.png in Resources */ = {isa = PBXBuildFile; fileRef = 9F4546911B3146EE005FACCC /* filter.png */; };
		9F4546A01B314B73005FACCC /* FilterViewController.m in Sources */ = {isa = PBXBuildFile; fileRef = 9F45469F1B314B73005FACCC /* FilterViewController.m */; };
		9F4546A41B31794B005FACCC /* FloodViewController.m in Sources */ = {isa = PBXBuildFile; fileRef = 9F4546A31B31794B005FACCC /* FloodViewController.m */; };
		9F4546A71B317D0A005FACCC /* FloodDetailController.m in Sources */ = {isa = PBXBuildFile; fileRef = 9F4546A61B317D0A005FACCC /* FloodDetailController.m */; };
		9F4EA33D1B2EB3390025FEE9 /* RainObject.m in Sources */ = {isa = PBXBuildFile; fileRef = 9F4EA33C1B2EB3390025FEE9 /* RainObject.m */; };
		9F4EA3401B2EB7940025FEE9 /* UIView+RootView.m in Sources */ = {isa = PBXBuildFile; fileRef = 9F4EA33F1B2EB7940025FEE9 /* UIView+RootView.m */; };
		9F4EA3491B2EBA800025FEE9 /* CustomDateActionSheet.m in Sources */ = {isa = PBXBuildFile; fileRef = 9F4EA3471B2EBA800025FEE9 /* CustomDateActionSheet.m */; };
		9F4EA34A1B2EBA800025FEE9 /* CustomDateActionSheet.xib in Resources */ = {isa = PBXBuildFile; fileRef = 9F4EA3481B2EBA800025FEE9 /* CustomDateActionSheet.xib */; };
		9F4EA34E1B2EBA9E0025FEE9 /* bg_023@2x.png in Resources */ = {isa = PBXBuildFile; fileRef = 9F4EA34B1B2EBA9E0025FEE9 /* bg_023@2x.png */; };
		9F4EA34F1B2EBA9E0025FEE9 /* btn_020@2x.png in Resources */ = {isa = PBXBuildFile; fileRef = 9F4EA34C1B2EBA9E0025FEE9 /* btn_020@2x.png */; };
		9F4EA3501B2EBA9E0025FEE9 /* btn_021@2x.png in Resources */ = {isa = PBXBuildFile; fileRef = 9F4EA34D1B2EBA9E0025FEE9 /* btn_021@2x.png */; };
		9F542B651B422FA500331933 /* CustomRainHeaderView.m in Sources */ = {isa = PBXBuildFile; fileRef = 9F542B641B422FA500331933 /* CustomRainHeaderView.m */; };
		9F542B691B423CF800331933 /* RainChartController.m in Sources */ = {isa = PBXBuildFile; fileRef = 9F542B681B423CF800331933 /* RainChartController.m */; };
		9F91590A1B25763800CFA0DB /* MenuViewController.m in Sources */ = {isa = PBXBuildFile; fileRef = 9F9159091B25763800CFA0DB /* MenuViewController.m */; };
		9F91590E1B2576FF00CFA0DB /* WaterViewController.m in Sources */ = {isa = PBXBuildFile; fileRef = 9F91590D1B2576FF00CFA0DB /* WaterViewController.m */; };
		9F9159111B25772700CFA0DB /* RainViewController.m in Sources */ = {isa = PBXBuildFile; fileRef = 9F9159101B25772700CFA0DB /* RainViewController.m */; };
		9F9159141B25841000CFA0DB /* LoginViewController.m in Sources */ = {isa = PBXBuildFile; fileRef = 9F9159131B25841000CFA0DB /* LoginViewController.m */; };
		9FE4978E1B40D75C00E97B7C /* QualityCell.m in Sources */ = {isa = PBXBuildFile; fileRef = 9FE4978D1B40D75C00E97B7C /* QualityCell.m */; };
		9FE497921B4120F400E97B7C /* FloodObject.m in Sources */ = {isa = PBXBuildFile; fileRef = 9FE497911B4120F400E97B7C /* FloodObject.m */; };
/* End PBXBuildFile section */

/* Begin PBXContainerItemProxy section */
		9F35AAB31B1FEDA400D9D329 /* PBXContainerItemProxy */ = {
			isa = PBXContainerItemProxy;
			containerPortal = 9F35AA911B1FEDA400D9D329 /* Project object */;
			proxyType = 1;
			remoteGlobalIDString = 9F35AA981B1FEDA400D9D329;
			remoteInfo = ShanHongProject;
		};
/* End PBXContainerItemProxy section */

/* Begin PBXFileReference section */
		4507F2DE121D4CECF0228D83 /* Pods.debug.xcconfig */ = {isa = PBXFileReference; includeInIndex = 1; lastKnownFileType = text.xcconfig; name = Pods.debug.xcconfig; path = "Pods/Target Support Files/Pods/Pods.debug.xcconfig"; sourceTree = "<group>"; };
		75FBA64C4CA6E22B7197017E /* libPods.a */ = {isa = PBXFileReference; explicitFileType = archive.ar; includeInIndex = 0; path = libPods.a; sourceTree = BUILT_PRODUCTS_DIR; };
		9F35AA991B1FEDA400D9D329 /* ShanHongProject.app */ = {isa = PBXFileReference; explicitFileType = wrapper.application; includeInIndex = 0; path = ShanHongProject.app; sourceTree = BUILT_PRODUCTS_DIR; };
		9F35AA9D1B1FEDA400D9D329 /* Info.plist */ = {isa = PBXFileReference; lastKnownFileType = text.plist.xml; path = Info.plist; sourceTree = "<group>"; };
		9F35AA9E1B1FEDA400D9D329 /* main.m */ = {isa = PBXFileReference; lastKnownFileType = sourcecode.c.objc; path = main.m; sourceTree = "<group>"; };
		9F35AAA01B1FEDA400D9D329 /* AppDelegate.h */ = {isa = PBXFileReference; lastKnownFileType = sourcecode.c.h; path = AppDelegate.h; sourceTree = "<group>"; };
		9F35AAA11B1FEDA400D9D329 /* AppDelegate.m */ = {isa = PBXFileReference; lastKnownFileType = sourcecode.c.objc; path = AppDelegate.m; sourceTree = "<group>"; };
		9F35AAA91B1FEDA400D9D329 /* Images.xcassets */ = {isa = PBXFileReference; lastKnownFileType = folder.assetcatalog; path = Images.xcassets; sourceTree = "<group>"; };
		9F35AAB21B1FEDA400D9D329 /* ShanHongProjectTests.xctest */ = {isa = PBXFileReference; explicitFileType = wrapper.cfbundle; includeInIndex = 0; path = ShanHongProjectTests.xctest; sourceTree = BUILT_PRODUCTS_DIR; };
		9F35AAB71B1FEDA400D9D329 /* Info.plist */ = {isa = PBXFileReference; lastKnownFileType = text.plist.xml; path = Info.plist; sourceTree = "<group>"; };
		9F35AAB81B1FEDA400D9D329 /* ShanHongProjectTests.m */ = {isa = PBXFileReference; lastKnownFileType = sourcecode.c.objc; path = ShanHongProjectTests.m; sourceTree = "<group>"; };
		9F35AAC21B1FEE7C00D9D329 /* Main.storyboard */ = {isa = PBXFileReference; fileEncoding = 4; lastKnownFileType = file.storyboard; path = Main.storyboard; sourceTree = "<group>"; };
		9F35AAF91B201FE300D9D329 /* contact_click.png */ = {isa = PBXFileReference; lastKnownFileType = image.png; path = contact_click.png; sourceTree = "<group>"; };
		9F35AAFA1B201FE300D9D329 /* contact.png */ = {isa = PBXFileReference; lastKnownFileType = image.png; path = contact.png; sourceTree = "<group>"; };
		9F35AAFB1B201FE300D9D329 /* flood_click.png */ = {isa = PBXFileReference; lastKnownFileType = image.png; path = flood_click.png; sourceTree = "<group>"; };
		9F35AAFC1B201FE300D9D329 /* flood.png */ = {isa = PBXFileReference; lastKnownFileType = image.png; path = flood.png; sourceTree = "<group>"; };
		9F35AAFD1B201FE300D9D329 /* gis_click.png */ = {isa = PBXFileReference; lastKnownFileType = image.png; path = gis_click.png; sourceTree = "<group>"; };
		9F35AAFE1B201FE300D9D329 /* gis.png */ = {isa = PBXFileReference; lastKnownFileType = image.png; path = gis.png; sourceTree = "<group>"; };
		9F35AAFF1B201FE300D9D329 /* plan_click.png */ = {isa = PBXFileReference; lastKnownFileType = image.png; path = plan_click.png; sourceTree = "<group>"; };
		9F35AB001B201FE300D9D329 /* plan.png */ = {isa = PBXFileReference; lastKnownFileType = image.png; path = plan.png; sourceTree = "<group>"; };
		9F35AB011B201FE300D9D329 /* project_click.png */ = {isa = PBXFileReference; lastKnownFileType = image.png; path = project_click.png; sourceTree = "<group>"; };
		9F35AB021B201FE300D9D329 /* project.png */ = {isa = PBXFileReference; lastKnownFileType = image.png; path = project.png; sourceTree = "<group>"; };
		9F35AB031B201FE300D9D329 /* qixiang_click.png */ = {isa = PBXFileReference; lastKnownFileType = image.png; path = qixiang_click.png; sourceTree = "<group>"; };
		9F35AB041B201FE300D9D329 /* qixiang.png */ = {isa = PBXFileReference; lastKnownFileType = image.png; path = qixiang.png; sourceTree = "<group>"; };
		9F35AB051B201FE300D9D329 /* rain_click.png */ = {isa = PBXFileReference; lastKnownFileType = image.png; path = rain_click.png; sourceTree = "<group>"; };
		9F35AB061B201FE300D9D329 /* rain.png */ = {isa = PBXFileReference; lastKnownFileType = image.png; path = rain.png; sourceTree = "<group>"; };
		9F35AB071B201FE300D9D329 /* setting_click.png */ = {isa = PBXFileReference; lastKnownFileType = image.png; path = setting_click.png; sourceTree = "<group>"; };
		9F35AB081B201FE300D9D329 /* setting.png */ = {isa = PBXFileReference; lastKnownFileType = image.png; path = setting.png; sourceTree = "<group>"; };
		9F35AB091B201FE300D9D329 /* typooh_click.png */ = {isa = PBXFileReference; lastKnownFileType = image.png; path = typooh_click.png; sourceTree = "<group>"; };
		9F35AB0A1B201FE300D9D329 /* typooh.png */ = {isa = PBXFileReference; lastKnownFileType = image.png; path = typooh.png; sourceTree = "<group>"; };
		9F35AB0B1B201FE300D9D329 /* water_click.png */ = {isa = PBXFileReference; lastKnownFileType = image.png; path = water_click.png; sourceTree = "<group>"; };
		9F35AB0C1B201FE300D9D329 /* water.png */ = {isa = PBXFileReference; lastKnownFileType = image.png; path = water.png; sourceTree = "<group>"; };
		9F35AB0D1B201FE300D9D329 /* weather_click.png */ = {isa = PBXFileReference; lastKnownFileType = image.png; path = weather_click.png; sourceTree = "<group>"; };
		9F35AB0E1B201FE300D9D329 /* weather.png */ = {isa = PBXFileReference; lastKnownFileType = image.png; path = weather.png; sourceTree = "<group>"; };
		9F3722621B39033E00E468AF /* ProjectViewController.h */ = {isa = PBXFileReference; fileEncoding = 4; lastKnownFileType = sourcecode.c.h; path = ProjectViewController.h; sourceTree = "<group>"; };
		9F3722631B39033E00E468AF /* ProjectViewController.m */ = {isa = PBXFileReference; fileEncoding = 4; lastKnownFileType = sourcecode.c.objc; path = ProjectViewController.m; sourceTree = "<group>"; };
		9F3722651B39295A00E468AF /* ProjectListController.h */ = {isa = PBXFileReference; fileEncoding = 4; lastKnownFileType = sourcecode.c.h; path = ProjectListController.h; sourceTree = "<group>"; };
		9F3722661B39295A00E468AF /* ProjectListController.m */ = {isa = PBXFileReference; fileEncoding = 4; lastKnownFileType = sourcecode.c.objc; path = ProjectListController.m; sourceTree = "<group>"; };
		9F37229D1B39330E00E468AF /* ProjectDetailController.h */ = {isa = PBXFileReference; fileEncoding = 4; lastKnownFileType = sourcecode.c.h; path = ProjectDetailController.h; sourceTree = "<group>"; };
		9F37229E1B39330E00E468AF /* ProjectDetailController.m */ = {isa = PBXFileReference; fileEncoding = 4; lastKnownFileType = sourcecode.c.objc; path = ProjectDetailController.m; sourceTree = "<group>"; };
		9F3AE1251B2FEE04005EFC86 /* WeatherObject.h */ = {isa = PBXFileReference; fileEncoding = 4; lastKnownFileType = sourcecode.c.h; path = WeatherObject.h; sourceTree = "<group>"; };
		9F3AE1261B2FEE04005EFC86 /* WeatherObject.m */ = {isa = PBXFileReference; fileEncoding = 4; lastKnownFileType = sourcecode.c.objc; path = WeatherObject.m; sourceTree = "<group>"; };
		9F3AE1281B2FEEE4005EFC86 /* QiXiangObject.h */ = {isa = PBXFileReference; fileEncoding = 4; lastKnownFileType = sourcecode.c.h; path = QiXiangObject.h; sourceTree = "<group>"; };
		9F3AE1291B2FEEE4005EFC86 /* QiXiangObject.m */ = {isa = PBXFileReference; fileEncoding = 4; lastKnownFileType = sourcecode.c.objc; path = QiXiangObject.m; sourceTree = "<group>"; };
		9F3AE12C1B2FF0CC005EFC86 /* QiXiangViewController.h */ = {isa = PBXFileReference; fileEncoding = 4; lastKnownFileType = sourcecode.c.h; path = QiXiangViewController.h; sourceTree = "<group>"; };
		9F3AE12D1B2FF0CC005EFC86 /* QiXiangViewController.m */ = {isa = PBXFileReference; fileEncoding = 4; lastKnownFileType = sourcecode.c.objc; path = QiXiangViewController.m; sourceTree = "<group>"; };
		9F3AE1301B2FF100005EFC86 /* WeatherViewController.h */ = {isa = PBXFileReference; fileEncoding = 4; lastKnownFileType = sourcecode.c.h; path = WeatherViewController.h; sourceTree = "<group>"; };
		9F3AE1311B2FF100005EFC86 /* WeatherViewController.m */ = {isa = PBXFileReference; fileEncoding = 4; lastKnownFileType = sourcecode.c.objc; path = WeatherViewController.m; sourceTree = "<group>"; };
		9F3AE1331B2FF3C3005EFC86 /* QxDetailController.h */ = {isa = PBXFileReference; fileEncoding = 4; lastKnownFileType = sourcecode.c.h; path = QxDetailController.h; sourceTree = "<group>"; };
		9F3AE1341B2FF3C3005EFC86 /* QxDetailController.m */ = {isa = PBXFileReference; fileEncoding = 4; lastKnownFileType = sourcecode.c.objc; path = QxDetailController.m; sourceTree = "<group>"; };
		9F3AE1371B30153A005EFC86 /* cloudy.png */ = {isa = PBXFileReference; lastKnownFileType = image.png; path = cloudy.png; sourceTree = "<group>"; };
		9F3AE1381B30153A005EFC86 /* foggy.png */ = {isa = PBXFileReference; lastKnownFileType = image.png; path = foggy.png; sourceTree = "<group>"; };
		9F3AE1391B30153A005EFC86 /* rainy.png */ = {isa = PBXFileReference; lastKnownFileType = image.png; path = rainy.png; sourceTree = "<group>"; };
		9F3AE13A1B30153A005EFC86 /* shady.png */ = {isa = PBXFileReference; lastKnownFileType = image.png; path = shady.png; sourceTree = "<group>"; };
		9F3AE13B1B30153A005EFC86 /* showers.png */ = {isa = PBXFileReference; lastKnownFileType = image.png; path = showers.png; sourceTree = "<group>"; };
		9F3AE13C1B30153A005EFC86 /* snowy.png */ = {isa = PBXFileReference; lastKnownFileType = image.png; path = snowy.png; sourceTree = "<group>"; };
		9F3AE13D1B30153A005EFC86 /* sun.png */ = {isa = PBXFileReference; lastKnownFileType = image.png; path = sun.png; sourceTree = "<group>"; };
		9F3AE13E1B30153A005EFC86 /* sunny.png */ = {isa = PBXFileReference; lastKnownFileType = image.png; path = sunny.png; sourceTree = "<group>"; };
		9F3AE13F1B30153A005EFC86 /* sunTocloudy.png */ = {isa = PBXFileReference; lastKnownFileType = image.png; path = sunTocloudy.png; sourceTree = "<group>"; };
		9F3AE1401B30153A005EFC86 /* tq.jpg */ = {isa = PBXFileReference; lastKnownFileType = image.jpeg; path = tq.jpg; sourceTree = "<group>"; };
		9F3CE9E51B27C6F60068EBA7 /* SVProgressHUD.bundle */ = {isa = PBXFileReference; lastKnownFileType = "wrapper.plug-in"; path = SVProgressHUD.bundle; sourceTree = "<group>"; };
		9F3CE9E61B27C6F60068EBA7 /* SVProgressHUD.h */ = {isa = PBXFileReference; fileEncoding = 4; lastKnownFileType = sourcecode.c.h; path = SVProgressHUD.h; sourceTree = "<group>"; };
		9F3CE9E71B27C6F60068EBA7 /* SVProgressHUD.m */ = {isa = PBXFileReference; fileEncoding = 4; lastKnownFileType = sourcecode.c.objc; path = SVProgressHUD.m; sourceTree = "<group>"; };
		9F3D62471B26B6390012D7CF /* StationSelectController.h */ = {isa = PBXFileReference; fileEncoding = 4; lastKnownFileType = sourcecode.c.h; path = StationSelectController.h; sourceTree = "<group>"; };
		9F3D62481B26B6390012D7CF /* StationSelectController.m */ = {isa = PBXFileReference; fileEncoding = 4; lastKnownFileType = sourcecode.c.objc; path = StationSelectController.m; sourceTree = "<group>"; };
		9F3D624B1B26CF3C0012D7CF /* RainHeaderView.xib */ = {isa = PBXFileReference; fileEncoding = 4; lastKnownFileType = file.xib; path = RainHeaderView.xib; sourceTree = "<group>"; };
		9F3D624D1B26CF500012D7CF /* Rain.xib */ = {isa = PBXFileReference; fileEncoding = 4; lastKnownFileType = file.xib; path = Rain.xib; sourceTree = "<group>"; };
		9F3D62501B26CF7E0012D7CF /* RainCell.h */ = {isa = PBXFileReference; fileEncoding = 4; lastKnownFileType = sourcecode.c.h; path = RainCell.h; sourceTree = "<group>"; };
		9F3D62511B26CF7E0012D7CF /* RainCell.m */ = {isa = PBXFileReference; fileEncoding = 4; lastKnownFileType = sourcecode.c.objc; path = RainCell.m; sourceTree = "<group>"; };
		9F3D62531B26CFB20012D7CF /* WaterCell.xib */ = {isa = PBXFileReference; fileEncoding = 4; lastKnownFileType = file.xib; path = WaterCell.xib; sourceTree = "<group>"; };
		9F3D62551B26CFBB0012D7CF /* WaterCell.h */ = {isa = PBXFileReference; fileEncoding = 4; lastKnownFileType = sourcecode.c.h; path = WaterCell.h; sourceTree = "<group>"; };
		9F3D62561B26CFBB0012D7CF /* WaterCell.m */ = {isa = PBXFileReference; fileEncoding = 4; lastKnownFileType = sourcecode.c.objc; path = WaterCell.m; sourceTree = "<group>"; };
		9F3D62581B26CFCE0012D7CF /* CustomHeaderView.xib */ = {isa = PBXFileReference; fileEncoding = 4; lastKnownFileType = file.xib; path = CustomHeaderView.xib; sourceTree = "<group>"; };
		9F3D625A1B26CFE30012D7CF /* CustomHeaderView.h */ = {isa = PBXFileReference; fileEncoding = 4; lastKnownFileType = sourcecode.c.h; path = CustomHeaderView.h; sourceTree = "<group>"; };
		9F3D625B1B26CFE30012D7CF /* CustomHeaderView.m */ = {isa = PBXFileReference; fileEncoding = 4; lastKnownFileType = sourcecode.c.objc; path = CustomHeaderView.m; sourceTree = "<group>"; };
		9F3D625D1B26D1570012D7CF /* PrefixHeader.pch */ = {isa = PBXFileReference; lastKnownFileType = sourcecode.c.h; path = PrefixHeader.pch; sourceTree = "<group>"; };
		9F3D62601B26D8130012D7CF /* SiteObject.h */ = {isa = PBXFileReference; fileEncoding = 4; lastKnownFileType = sourcecode.c.h; path = SiteObject.h; sourceTree = "<group>"; };
		9F3D62611B26D8130012D7CF /* SiteObject.m */ = {isa = PBXFileReference; fileEncoding = 4; lastKnownFileType = sourcecode.c.objc; path = SiteObject.m; sourceTree = "<group>"; };
		9F3D62631B26DA220012D7CF /* SingleInstanceObject.h */ = {isa = PBXFileReference; fileEncoding = 4; lastKnownFileType = sourcecode.c.h; path = SingleInstanceObject.h; sourceTree = "<group>"; };
		9F3D62641B26DA220012D7CF /* SingleInstanceObject.m */ = {isa = PBXFileReference; fileEncoding = 4; lastKnownFileType = sourcecode.c.objc; path = SingleInstanceObject.m; sourceTree = "<group>"; };
		9F4293C01B3CEECE0071F461 /* contact_click@3x.png */ = {isa = PBXFileReference; lastKnownFileType = image.png; path = "contact_click@3x.png"; sourceTree = "<group>"; };
		9F4293C11B3CEECE0071F461 /* contact@3x.png */ = {isa = PBXFileReference; lastKnownFileType = image.png; path = "contact@3x.png"; sourceTree = "<group>"; };
		9F4293C21B3CEECE0071F461 /* flood_click@3x.png */ = {isa = PBXFileReference; lastKnownFileType = image.png; path = "flood_click@3x.png"; sourceTree = "<group>"; };
		9F4293C31B3CEECE0071F461 /* flood@3x.png */ = {isa = PBXFileReference; lastKnownFileType = image.png; path = "flood@3x.png"; sourceTree = "<group>"; };
		9F4293C41B3CEECE0071F461 /* gis_click@3x.png */ = {isa = PBXFileReference; lastKnownFileType = image.png; path = "gis_click@3x.png"; sourceTree = "<group>"; };
		9F4293C51B3CEECE0071F461 /* gis@3x.png */ = {isa = PBXFileReference; lastKnownFileType = image.png; path = "gis@3x.png"; sourceTree = "<group>"; };
		9F4293C61B3CEECE0071F461 /* plan_click@3x.png */ = {isa = PBXFileReference; lastKnownFileType = image.png; path = "plan_click@3x.png"; sourceTree = "<group>"; };
		9F4293C71B3CEECE0071F461 /* plan@3x.png */ = {isa = PBXFileReference; lastKnownFileType = image.png; path = "plan@3x.png"; sourceTree = "<group>"; };
		9F4293C81B3CEECE0071F461 /* project_click@3x.png */ = {isa = PBXFileReference; lastKnownFileType = image.png; path = "project_click@3x.png"; sourceTree = "<group>"; };
		9F4293C91B3CEECE0071F461 /* project@3x.png */ = {isa = PBXFileReference; lastKnownFileType = image.png; path = "project@3x.png"; sourceTree = "<group>"; };
		9F4293CA1B3CEECE0071F461 /* qixiang_click@3x.png */ = {isa = PBXFileReference; lastKnownFileType = image.png; path = "qixiang_click@3x.png"; sourceTree = "<group>"; };
		9F4293CB1B3CEECE0071F461 /* qixiang@3x.png */ = {isa = PBXFileReference; lastKnownFileType = image.png; path = "qixiang@3x.png"; sourceTree = "<group>"; };
		9F4293CC1B3CEECE0071F461 /* rain_click@3x.png */ = {isa = PBXFileReference; lastKnownFileType = image.png; path = "rain_click@3x.png"; sourceTree = "<group>"; };
		9F4293CD1B3CEECE0071F461 /* rain@3x.png */ = {isa = PBXFileReference; lastKnownFileType = image.png; path = "rain@3x.png"; sourceTree = "<group>"; };
		9F4293CE1B3CEECE0071F461 /* setting_click@3x.png */ = {isa = PBXFileReference; lastKnownFileType = image.png; path = "setting_click@3x.png"; sourceTree = "<group>"; };
		9F4293CF1B3CEECE0071F461 /* setting@3x.png */ = {isa = PBXFileReference; lastKnownFileType = image.png; path = "setting@3x.png"; sourceTree = "<group>"; };
		9F4293D01B3CEECE0071F461 /* typooh_click@3x.png */ = {isa = PBXFileReference; lastKnownFileType = image.png; path = "typooh_click@3x.png"; sourceTree = "<group>"; };
		9F4293D11B3CEECE0071F461 /* typooh@3x.png */ = {isa = PBXFileReference; lastKnownFileType = image.png; path = "typooh@3x.png"; sourceTree = "<group>"; };
		9F4293D21B3CEECE0071F461 /* water_click@3x.png */ = {isa = PBXFileReference; lastKnownFileType = image.png; path = "water_click@3x.png"; sourceTree = "<group>"; };
		9F4293D31B3CEECE0071F461 /* water@3x.png */ = {isa = PBXFileReference; lastKnownFileType = image.png; path = "water@3x.png"; sourceTree = "<group>"; };
		9F4293D41B3CEECE0071F461 /* weather_click@3x.png */ = {isa = PBXFileReference; lastKnownFileType = image.png; path = "weather_click@3x.png"; sourceTree = "<group>"; };
		9F4293D51B3CEECE0071F461 /* weather@3x.png */ = {isa = PBXFileReference; lastKnownFileType = image.png; path = "weather@3x.png"; sourceTree = "<group>"; };
		9F4293EC1B3CEF7B0071F461 /* contact_click@2x.png */ = {isa = PBXFileReference; lastKnownFileType = image.png; path = "contact_click@2x.png"; sourceTree = "<group>"; };
		9F4293ED1B3CEF7B0071F461 /* contact@2x.png */ = {isa = PBXFileReference; lastKnownFileType = image.png; path = "contact@2x.png"; sourceTree = "<group>"; };
		9F4293EE1B3CEF7B0071F461 /* flood_click@2x.png */ = {isa = PBXFileReference; lastKnownFileType = image.png; path = "flood_click@2x.png"; sourceTree = "<group>"; };
		9F4293EF1B3CEF7B0071F461 /* flood@2x.png */ = {isa = PBXFileReference; lastKnownFileType = image.png; path = "flood@2x.png"; sourceTree = "<group>"; };
		9F4293F01B3CEF7B0071F461 /* gis_click@2x.png */ = {isa = PBXFileReference; lastKnownFileType = image.png; path = "gis_click@2x.png"; sourceTree = "<group>"; };
		9F4293F11B3CEF7B0071F461 /* gis@2x.png */ = {isa = PBXFileReference; lastKnownFileType = image.png; path = "gis@2x.png"; sourceTree = "<group>"; };
		9F4293F21B3CEF7B0071F461 /* plan_click@2x.png */ = {isa = PBXFileReference; lastKnownFileType = image.png; path = "plan_click@2x.png"; sourceTree = "<group>"; };
		9F4293F31B3CEF7B0071F461 /* plan@2x.png */ = {isa = PBXFileReference; lastKnownFileType = image.png; path = "plan@2x.png"; sourceTree = "<group>"; };
		9F4293F41B3CEF7B0071F461 /* project_click@2x.png */ = {isa = PBXFileReference; lastKnownFileType = image.png; path = "project_click@2x.png"; sourceTree = "<group>"; };
		9F4293F51B3CEF7B0071F461 /* project@2x.png */ = {isa = PBXFileReference; lastKnownFileType = image.png; path = "project@2x.png"; sourceTree = "<group>"; };
		9F4293F61B3CEF7B0071F461 /* qixiang_click@2x.png */ = {isa = PBXFileReference; lastKnownFileType = image.png; path = "qixiang_click@2x.png"; sourceTree = "<group>"; };
		9F4293F71B3CEF7B0071F461 /* qixiang@2x.png */ = {isa = PBXFileReference; lastKnownFileType = image.png; path = "qixiang@2x.png"; sourceTree = "<group>"; };
		9F4293F81B3CEF7B0071F461 /* rain_click@2x.png */ = {isa = PBXFileReference; lastKnownFileType = image.png; path = "rain_click@2x.png"; sourceTree = "<group>"; };
		9F4293F91B3CEF7B0071F461 /* rain@2x.png */ = {isa = PBXFileReference; lastKnownFileType = image.png; path = "rain@2x.png"; sourceTree = "<group>"; };
		9F4293FA1B3CEF7B0071F461 /* setting_click@2x.png */ = {isa = PBXFileReference; lastKnownFileType = image.png; path = "setting_click@2x.png"; sourceTree = "<group>"; };
		9F4293FB1B3CEF7B0071F461 /* setting@2x.png */ = {isa = PBXFileReference; lastKnownFileType = image.png; path = "setting@2x.png"; sourceTree = "<group>"; };
		9F4293FC1B3CEF7B0071F461 /* typooh_click@2x.png */ = {isa = PBXFileReference; lastKnownFileType = image.png; path = "typooh_click@2x.png"; sourceTree = "<group>"; };
		9F4293FD1B3CEF7B0071F461 /* typooh@2x.png */ = {isa = PBXFileReference; lastKnownFileType = image.png; path = "typooh@2x.png"; sourceTree = "<group>"; };
		9F4293FE1B3CEF7B0071F461 /* water_click@2x.png */ = {isa = PBXFileReference; lastKnownFileType = image.png; path = "water_click@2x.png"; sourceTree = "<group>"; };
		9F4293FF1B3CEF7B0071F461 /* water@2x.png */ = {isa = PBXFileReference; lastKnownFileType = image.png; path = "water@2x.png"; sourceTree = "<group>"; };
		9F4294001B3CEF7B0071F461 /* weather_click@2x.png */ = {isa = PBXFileReference; lastKnownFileType = image.png; path = "weather_click@2x.png"; sourceTree = "<group>"; };
		9F4294011B3CEF7B0071F461 /* weather@2x.png */ = {isa = PBXFileReference; lastKnownFileType = image.png; path = "weather@2x.png"; sourceTree = "<group>"; };
		9F42941E1B3CFE6F0071F461 /* user@2x.png */ = {isa = PBXFileReference; lastKnownFileType = image.png; path = "user@2x.png"; sourceTree = "<group>"; };
		9F42941F1B3CFE6F0071F461 /* user@3x.png */ = {isa = PBXFileReference; lastKnownFileType = image.png; path = "user@3x.png"; sourceTree = "<group>"; };
		9F4294221B3CFE850071F461 /* password@2x.png */ = {isa = PBXFileReference; lastKnownFileType = image.png; path = "password@2x.png"; sourceTree = "<group>"; };
		9F4294241B3CFE8B0071F461 /* password@3x.png */ = {isa = PBXFileReference; lastKnownFileType = image.png; path = "password@3x.png"; sourceTree = "<group>"; };
		9F4294261B3CFE960071F461 /* password.png */ = {isa = PBXFileReference; lastKnownFileType = image.png; path = password.png; sourceTree = "<group>"; };
		9F4294271B3CFE960071F461 /* user.png */ = {isa = PBXFileReference; lastKnownFileType = image.png; path = user.png; sourceTree = "<group>"; };
		9F42942A1B3D27500071F461 /* ProjectObject.h */ = {isa = PBXFileReference; fileEncoding = 4; lastKnownFileType = sourcecode.c.h; path = ProjectObject.h; sourceTree = "<group>"; };
		9F42942B1B3D27500071F461 /* ProjectObject.m */ = {isa = PBXFileReference; fileEncoding = 4; lastKnownFileType = sourcecode.c.objc; path = ProjectObject.m; sourceTree = "<group>"; };
		9F4546731B31162E005FACCC /* UUBar.h */ = {isa = PBXFileReference; fileEncoding = 4; lastKnownFileType = sourcecode.c.h; path = UUBar.h; sourceTree = "<group>"; };
		9F4546741B31162E005FACCC /* UUBar.m */ = {isa = PBXFileReference; fileEncoding = 4; lastKnownFileType = sourcecode.c.objc; path = UUBar.m; sourceTree = "<group>"; };
		9F4546751B31162E005FACCC /* UUBarChart.h */ = {isa = PBXFileReference; fileEncoding = 4; lastKnownFileType = sourcecode.c.h; path = UUBarChart.h; sourceTree = "<group>"; };
		9F4546761B31162E005FACCC /* UUBarChart.m */ = {isa = PBXFileReference; fileEncoding = 4; lastKnownFileType = sourcecode.c.objc; path = UUBarChart.m; sourceTree = "<group>"; };
		9F4546771B31162E005FACCC /* UUChart.h */ = {isa = PBXFileReference; fileEncoding = 4; lastKnownFileType = sourcecode.c.h; path = UUChart.h; sourceTree = "<group>"; };
		9F4546781B31162E005FACCC /* UUChart.m */ = {isa = PBXFileReference; fileEncoding = 4; lastKnownFileType = sourcecode.c.objc; path = UUChart.m; sourceTree = "<group>"; };
		9F4546791B31162E005FACCC /* UUChartLabel.h */ = {isa = PBXFileReference; fileEncoding = 4; lastKnownFileType = sourcecode.c.h; path = UUChartLabel.h; sourceTree = "<group>"; };
		9F45467A1B31162E005FACCC /* UUChartLabel.m */ = {isa = PBXFileReference; fileEncoding = 4; lastKnownFileType = sourcecode.c.objc; path = UUChartLabel.m; sourceTree = "<group>"; };
		9F45467B1B31162E005FACCC /* UUColor.h */ = {isa = PBXFileReference; fileEncoding = 4; lastKnownFileType = sourcecode.c.h; path = UUColor.h; sourceTree = "<group>"; };
		9F45467C1B31162E005FACCC /* UUColor.m */ = {isa = PBXFileReference; fileEncoding = 4; lastKnownFileType = sourcecode.c.objc; path = UUColor.m; sourceTree = "<group>"; };
		9F45467D1B31162E005FACCC /* UULineChart.h */ = {isa = PBXFileReference; fileEncoding = 4; lastKnownFileType = sourcecode.c.h; path = UULineChart.h; sourceTree = "<group>"; };
		9F45467E1B31162E005FACCC /* UULineChart.m */ = {isa = PBXFileReference; fileEncoding = 4; lastKnownFileType = sourcecode.c.objc; path = UULineChart.m; sourceTree = "<group>"; };
		9F4546851B311660005FACCC /* ChartObject.h */ = {isa = PBXFileReference; fileEncoding = 4; lastKnownFileType = sourcecode.c.h; path = ChartObject.h; sourceTree = "<group>"; };
		9F4546861B311660005FACCC /* ChartObject.m */ = {isa = PBXFileReference; fileEncoding = 4; lastKnownFileType = sourcecode.c.objc; path = ChartObject.m; sourceTree = "<group>"; };
		9F45468A1B311B25005FACCC /* ChartViewController.h */ = {isa = PBXFileReference; fileEncoding = 4; lastKnownFileType = sourcecode.c.h; path = ChartViewController.h; sourceTree = "<group>"; };
		9F45468B1B311B25005FACCC /* ChartViewController.m */ = {isa = PBXFileReference; fileEncoding = 4; lastKnownFileType = sourcecode.c.objc; path = ChartViewController.m; sourceTree = "<group>"; };
		9F45468D1B314649005FACCC /* left.png */ = {isa = PBXFileReference; lastKnownFileType = image.png; path = left.png; sourceTree = "<group>"; };
		9F45468E1B314649005FACCC /* right.png */ = {isa = PBXFileReference; lastKnownFileType = image.png; path = right.png; sourceTree = "<group>"; };
		9F4546911B3146EE005FACCC /* filter.png */ = {isa = PBXFileReference; lastKnownFileType = image.png; path = filter.png; sourceTree = "<group>"; };
		9F45469E1B314B73005FACCC /* FilterViewController.h */ = {isa = PBXFileReference; fileEncoding = 4; lastKnownFileType = sourcecode.c.h; path = FilterViewController.h; sourceTree = "<group>"; };
		9F45469F1B314B73005FACCC /* FilterViewController.m */ = {isa = PBXFileReference; fileEncoding = 4; lastKnownFileType = sourcecode.c.objc; path = FilterViewController.m; sourceTree = "<group>"; };
		9F4546A21B31794B005FACCC /* FloodViewController.h */ = {isa = PBXFileReference; fileEncoding = 4; lastKnownFileType = sourcecode.c.h; path = FloodViewController.h; sourceTree = "<group>"; };
		9F4546A31B31794B005FACCC /* FloodViewController.m */ = {isa = PBXFileReference; fileEncoding = 4; lastKnownFileType = sourcecode.c.objc; path = FloodViewController.m; sourceTree = "<group>"; };
		9F4546A51B317D0A005FACCC /* FloodDetailController.h */ = {isa = PBXFileReference; fileEncoding = 4; lastKnownFileType = sourcecode.c.h; path = FloodDetailController.h; sourceTree = "<group>"; };
		9F4546A61B317D0A005FACCC /* FloodDetailController.m */ = {isa = PBXFileReference; fileEncoding = 4; lastKnownFileType = sourcecode.c.objc; path = FloodDetailController.m; sourceTree = "<group>"; };
		9F4EA33B1B2EB3390025FEE9 /* RainObject.h */ = {isa = PBXFileReference; fileEncoding = 4; lastKnownFileType = sourcecode.c.h; path = RainObject.h; sourceTree = "<group>"; };
		9F4EA33C1B2EB3390025FEE9 /* RainObject.m */ = {isa = PBXFileReference; fileEncoding = 4; lastKnownFileType = sourcecode.c.objc; path = RainObject.m; sourceTree = "<group>"; };
		9F4EA33E1B2EB7940025FEE9 /* UIView+RootView.h */ = {isa = PBXFileReference; fileEncoding = 4; lastKnownFileType = sourcecode.c.h; path = "UIView+RootView.h"; sourceTree = "<group>"; };
		9F4EA33F1B2EB7940025FEE9 /* UIView+RootView.m */ = {isa = PBXFileReference; fileEncoding = 4; lastKnownFileType = sourcecode.c.objc; path = "UIView+RootView.m"; sourceTree = "<group>"; };
		9F4EA3461B2EBA800025FEE9 /* CustomDateActionSheet.h */ = {isa = PBXFileReference; fileEncoding = 4; lastKnownFileType = sourcecode.c.h; path = CustomDateActionSheet.h; sourceTree = "<group>"; };
		9F4EA3471B2EBA800025FEE9 /* CustomDateActionSheet.m */ = {isa = PBXFileReference; fileEncoding = 4; lastKnownFileType = sourcecode.c.objc; path = CustomDateActionSheet.m; sourceTree = "<group>"; };
		9F4EA3481B2EBA800025FEE9 /* CustomDateActionSheet.xib */ = {isa = PBXFileReference; fileEncoding = 4; lastKnownFileType = file.xib; path = CustomDateActionSheet.xib; sourceTree = "<group>"; };
		9F4EA34B1B2EBA9E0025FEE9 /* bg_023@2x.png */ = {isa = PBXFileReference; lastKnownFileType = image.png; path = "bg_023@2x.png"; sourceTree = "<group>"; };
		9F4EA34C1B2EBA9E0025FEE9 /* btn_020@2x.png */ = {isa = PBXFileReference; lastKnownFileType = image.png; path = "btn_020@2x.png"; sourceTree = "<group>"; };
		9F4EA34D1B2EBA9E0025FEE9 /* btn_021@2x.png */ = {isa = PBXFileReference; lastKnownFileType = image.png; path = "btn_021@2x.png"; sourceTree = "<group>"; };
		9F542B631B422FA500331933 /* CustomRainHeaderView.h */ = {isa = PBXFileReference; fileEncoding = 4; lastKnownFileType = sourcecode.c.h; path = CustomRainHeaderView.h; sourceTree = "<group>"; };
		9F542B641B422FA500331933 /* CustomRainHeaderView.m */ = {isa = PBXFileReference; fileEncoding = 4; lastKnownFileType = sourcecode.c.objc; path = CustomRainHeaderView.m; sourceTree = "<group>"; };
		9F542B671B423CF800331933 /* RainChartController.h */ = {isa = PBXFileReference; fileEncoding = 4; lastKnownFileType = sourcecode.c.h; path = RainChartController.h; sourceTree = "<group>"; };
		9F542B681B423CF800331933 /* RainChartController.m */ = {isa = PBXFileReference; fileEncoding = 4; lastKnownFileType = sourcecode.c.objc; path = RainChartController.m; sourceTree = "<group>"; };
		9F9159081B25763800CFA0DB /* MenuViewController.h */ = {isa = PBXFileReference; fileEncoding = 4; lastKnownFileType = sourcecode.c.h; path = MenuViewController.h; sourceTree = "<group>"; };
		9F9159091B25763800CFA0DB /* MenuViewController.m */ = {isa = PBXFileReference; fileEncoding = 4; lastKnownFileType = sourcecode.c.objc; path = MenuViewController.m; sourceTree = "<group>"; };
		9F91590C1B2576FF00CFA0DB /* WaterViewController.h */ = {isa = PBXFileReference; fileEncoding = 4; lastKnownFileType = sourcecode.c.h; path = WaterViewController.h; sourceTree = "<group>"; };
		9F91590D1B2576FF00CFA0DB /* WaterViewController.m */ = {isa = PBXFileReference; fileEncoding = 4; lastKnownFileType = sourcecode.c.objc; path = WaterViewController.m; sourceTree = "<group>"; };
		9F91590F1B25772700CFA0DB /* RainViewController.h */ = {isa = PBXFileReference; fileEncoding = 4; lastKnownFileType = sourcecode.c.h; path = RainViewController.h; sourceTree = "<group>"; };
		9F9159101B25772700CFA0DB /* RainViewController.m */ = {isa = PBXFileReference; fileEncoding = 4; lastKnownFileType = sourcecode.c.objc; path = RainViewController.m; sourceTree = "<group>"; };
		9F9159121B25841000CFA0DB /* LoginViewController.h */ = {isa = PBXFileReference; fileEncoding = 4; lastKnownFileType = sourcecode.c.h; path = LoginViewController.h; sourceTree = "<group>"; };
		9F9159131B25841000CFA0DB /* LoginViewController.m */ = {isa = PBXFileReference; fileEncoding = 4; lastKnownFileType = sourcecode.c.objc; path = LoginViewController.m; sourceTree = "<group>"; };
		9FE4978C1B40D75000E97B7C /* QualityCell.h */ = {isa = PBXFileReference; lastKnownFileType = sourcecode.c.h; path = QualityCell.h; sourceTree = "<group>"; };
		9FE4978D1B40D75C00E97B7C /* QualityCell.m */ = {isa = PBXFileReference; fileEncoding = 4; lastKnownFileType = sourcecode.c.objc; path = QualityCell.m; sourceTree = "<group>"; };
		9FE497901B4120F400E97B7C /* FloodObject.h */ = {isa = PBXFileReference; fileEncoding = 4; lastKnownFileType = sourcecode.c.h; path = FloodObject.h; sourceTree = "<group>"; };
		9FE497911B4120F400E97B7C /* FloodObject.m */ = {isa = PBXFileReference; fileEncoding = 4; lastKnownFileType = sourcecode.c.objc; path = FloodObject.m; sourceTree = "<group>"; };
		F43998246FF8AB027E1BE5BF /* Pods.release.xcconfig */ = {isa = PBXFileReference; includeInIndex = 1; lastKnownFileType = text.xcconfig; name = Pods.release.xcconfig; path = "Pods/Target Support Files/Pods/Pods.release.xcconfig"; sourceTree = "<group>"; };
/* End PBXFileReference section */

/* Begin PBXFrameworksBuildPhase section */
		9F35AA961B1FEDA400D9D329 /* Frameworks */ = {
			isa = PBXFrameworksBuildPhase;
			buildActionMask = 2147483647;
			files = (
				5C3C29CD4A9D827AF1CF80AC /* libPods.a in Frameworks */,
			);
			runOnlyForDeploymentPostprocessing = 0;
		};
		9F35AAAF1B1FEDA400D9D329 /* Frameworks */ = {
			isa = PBXFrameworksBuildPhase;
			buildActionMask = 2147483647;
			files = (
			);
			runOnlyForDeploymentPostprocessing = 0;
		};
/* End PBXFrameworksBuildPhase section */

/* Begin PBXGroup section */
		647AF06A6808673660DD8345 /* Frameworks */ = {
			isa = PBXGroup;
			children = (
				75FBA64C4CA6E22B7197017E /* libPods.a */,
			);
			name = Frameworks;
			sourceTree = "<group>";
		};
		6FDB9FFE047A53EBCAD160D9 /* Pods */ = {
			isa = PBXGroup;
			children = (
				4507F2DE121D4CECF0228D83 /* Pods.debug.xcconfig */,
				F43998246FF8AB027E1BE5BF /* Pods.release.xcconfig */,
			);
			name = Pods;
			sourceTree = "<group>";
		};
		9F35AA901B1FEDA300D9D329 = {
			isa = PBXGroup;
			children = (
				9F35AA9B1B1FEDA400D9D329 /* ShanHongProject */,
				9F35AAB51B1FEDA400D9D329 /* ShanHongProjectTests */,
				9F35AA9A1B1FEDA400D9D329 /* Products */,
				6FDB9FFE047A53EBCAD160D9 /* Pods */,
				647AF06A6808673660DD8345 /* Frameworks */,
			);
			sourceTree = "<group>";
		};
		9F35AA9A1B1FEDA400D9D329 /* Products */ = {
			isa = PBXGroup;
			children = (
				9F35AA991B1FEDA400D9D329 /* ShanHongProject.app */,
				9F35AAB21B1FEDA400D9D329 /* ShanHongProjectTests.xctest */,
			);
			name = Products;
			sourceTree = "<group>";
		};
		9F35AA9B1B1FEDA400D9D329 /* ShanHongProject */ = {
			isa = PBXGroup;
			children = (
				9F3CE9E31B27C6E80068EBA7 /* Until */,
				9F3D625F1B26D7C00012D7CF /* https */,
				9F35AAA01B1FEDA400D9D329 /* AppDelegate.h */,
				9F35AAA11B1FEDA400D9D329 /* AppDelegate.m */,
				9F4EA33E1B2EB7940025FEE9 /* UIView+RootView.h */,
				9F4EA33F1B2EB7940025FEE9 /* UIView+RootView.m */,
				9F35AAC21B1FEE7C00D9D329 /* Main.storyboard */,
				9F9159121B25841000CFA0DB /* LoginViewController.h */,
				9F9159131B25841000CFA0DB /* LoginViewController.m */,
				9F9159081B25763800CFA0DB /* MenuViewController.h */,
				9F9159091B25763800CFA0DB /* MenuViewController.m */,
				9F3D62471B26B6390012D7CF /* StationSelectController.h */,
				9F3D62481B26B6390012D7CF /* StationSelectController.m */,
				9F3D62631B26DA220012D7CF /* SingleInstanceObject.h */,
				9F3D62641B26DA220012D7CF /* SingleInstanceObject.m */,
				9F91590B1B2576EE00CFA0DB /* items */,
				9F35AAA91B1FEDA400D9D329 /* Images.xcassets */,
				9F35AAF81B201FD300D9D329 /* images */,
				9F4293661B3CDE860071F461 /* image@3x */,
				9F4293651B3CDE7D0071F461 /* image@2x */,
				9F4546721B3115E0005FACCC /* Chart */,
				9F4EA3451B2EBA590025FEE9 /* Until */,
				9F3D624F1B26CF6C0012D7CF /* customCell */,
				9F3D624A1B26CF310012D7CF /* xib */,
				9F35AA9C1B1FEDA400D9D329 /* Supporting Files */,
			);
			path = ShanHongProject;
			sourceTree = "<group>";
		};
		9F35AA9C1B1FEDA400D9D329 /* Supporting Files */ = {
			isa = PBXGroup;
			children = (
				9F35AA9D1B1FEDA400D9D329 /* Info.plist */,
				9F35AA9E1B1FEDA400D9D329 /* main.m */,
				9F3D625D1B26D1570012D7CF /* PrefixHeader.pch */,
			);
			name = "Supporting Files";
			sourceTree = "<group>";
		};
		9F35AAB51B1FEDA400D9D329 /* ShanHongProjectTests */ = {
			isa = PBXGroup;
			children = (
				9F35AAB81B1FEDA400D9D329 /* ShanHongProjectTests.m */,
				9F35AAB61B1FEDA400D9D329 /* Supporting Files */,
			);
			path = ShanHongProjectTests;
			sourceTree = "<group>";
		};
		9F35AAB61B1FEDA400D9D329 /* Supporting Files */ = {
			isa = PBXGroup;
			children = (
				9F35AAB71B1FEDA400D9D329 /* Info.plist */,
			);
			name = "Supporting Files";
			sourceTree = "<group>";
		};
		9F35AAF81B201FD300D9D329 /* images */ = {
			isa = PBXGroup;
			children = (
				9F4294261B3CFE960071F461 /* password.png */,
				9F4294271B3CFE960071F461 /* user.png */,
				9F3AE1371B30153A005EFC86 /* cloudy.png */,
				9F3AE1381B30153A005EFC86 /* foggy.png */,
				9F3AE1391B30153A005EFC86 /* rainy.png */,
				9F3AE13A1B30153A005EFC86 /* shady.png */,
				9F3AE13B1B30153A005EFC86 /* showers.png */,
				9F3AE13C1B30153A005EFC86 /* snowy.png */,
				9F3AE13D1B30153A005EFC86 /* sun.png */,
				9F3AE13E1B30153A005EFC86 /* sunny.png */,
				9F3AE13F1B30153A005EFC86 /* sunTocloudy.png */,
				9F3AE1401B30153A005EFC86 /* tq.jpg */,
				9F4EA34B1B2EBA9E0025FEE9 /* bg_023@2x.png */,
				9F4EA34C1B2EBA9E0025FEE9 /* btn_020@2x.png */,
				9F45468D1B314649005FACCC /* left.png */,
				9F45468E1B314649005FACCC /* right.png */,
				9F4546911B3146EE005FACCC /* filter.png */,
				9F4EA34D1B2EBA9E0025FEE9 /* btn_021@2x.png */,
				9F35AAF91B201FE300D9D329 /* contact_click.png */,
				9F35AAFA1B201FE300D9D329 /* contact.png */,
				9F35AAFB1B201FE300D9D329 /* flood_click.png */,
				9F35AAFC1B201FE300D9D329 /* flood.png */,
				9F35AAFD1B201FE300D9D329 /* gis_click.png */,
				9F35AAFE1B201FE300D9D329 /* gis.png */,
				9F35AAFF1B201FE300D9D329 /* plan_click.png */,
				9F35AB001B201FE300D9D329 /* plan.png */,
				9F35AB011B201FE300D9D329 /* project_click.png */,
				9F35AB021B201FE300D9D329 /* project.png */,
				9F35AB031B201FE300D9D329 /* qixiang_click.png */,
				9F35AB041B201FE300D9D329 /* qixiang.png */,
				9F35AB051B201FE300D9D329 /* rain_click.png */,
				9F35AB061B201FE300D9D329 /* rain.png */,
				9F35AB071B201FE300D9D329 /* setting_click.png */,
				9F35AB081B201FE300D9D329 /* setting.png */,
				9F35AB091B201FE300D9D329 /* typooh_click.png */,
				9F35AB0A1B201FE300D9D329 /* typooh.png */,
				9F35AB0B1B201FE300D9D329 /* water_click.png */,
				9F35AB0C1B201FE300D9D329 /* water.png */,
				9F35AB0D1B201FE300D9D329 /* weather_click.png */,
				9F35AB0E1B201FE300D9D329 /* weather.png */,
			);
			name = images;
			sourceTree = "<group>";
		};
		9F3722611B39032900E468AF /* Project */ = {
			isa = PBXGroup;
			children = (
				9F3722621B39033E00E468AF /* ProjectViewController.h */,
				9F3722631B39033E00E468AF /* ProjectViewController.m */,
				9F3722651B39295A00E468AF /* ProjectListController.h */,
				9F3722661B39295A00E468AF /* ProjectListController.m */,
				9F37229D1B39330E00E468AF /* ProjectDetailController.h */,
				9F37229E1B39330E00E468AF /* ProjectDetailController.m */,
			);
			name = Project;
			sourceTree = "<group>";
		};
		9F3AE12B1B2FF0B5005EFC86 /* QiXiang  */ = {
			isa = PBXGroup;
			children = (
				9F3AE12C1B2FF0CC005EFC86 /* QiXiangViewController.h */,
				9F3AE12D1B2FF0CC005EFC86 /* QiXiangViewController.m */,
				9F3AE1331B2FF3C3005EFC86 /* QxDetailController.h */,
				9F3AE1341B2FF3C3005EFC86 /* QxDetailController.m */,
			);
			name = "QiXiang ";
			sourceTree = "<group>";
		};
		9F3AE12F1B2FF0EF005EFC86 /* Weather */ = {
			isa = PBXGroup;
			children = (
				9F3AE1301B2FF100005EFC86 /* WeatherViewController.h */,
				9F3AE1311B2FF100005EFC86 /* WeatherViewController.m */,
			);
			name = Weather;
			sourceTree = "<group>";
		};
		9F3CE9E31B27C6E80068EBA7 /* Until */ = {
			isa = PBXGroup;
			children = (
				9F3CE9E41B27C6F60068EBA7 /* SVProgressHUD */,
			);
			name = Until;
			sourceTree = "<group>";
		};
		9F3CE9E41B27C6F60068EBA7 /* SVProgressHUD */ = {
			isa = PBXGroup;
			children = (
				9F3CE9E51B27C6F60068EBA7 /* SVProgressHUD.bundle */,
				9F3CE9E61B27C6F60068EBA7 /* SVProgressHUD.h */,
				9F3CE9E71B27C6F60068EBA7 /* SVProgressHUD.m */,
			);
			path = SVProgressHUD;
			sourceTree = "<group>";
		};
		9F3D624A1B26CF310012D7CF /* xib */ = {
			isa = PBXGroup;
			children = (
				9F3D62581B26CFCE0012D7CF /* CustomHeaderView.xib */,
				9F3D62531B26CFB20012D7CF /* WaterCell.xib */,
				9F3D624D1B26CF500012D7CF /* Rain.xib */,
				9F3D624B1B26CF3C0012D7CF /* RainHeaderView.xib */,
			);
			name = xib;
			sourceTree = "<group>";
		};
		9F3D624F1B26CF6C0012D7CF /* customCell */ = {
			isa = PBXGroup;
			children = (
				9FE4978C1B40D75000E97B7C /* QualityCell.h */,
				9FE4978D1B40D75C00E97B7C /* QualityCell.m */,
				9F3D625A1B26CFE30012D7CF /* CustomHeaderView.h */,
				9F3D625B1B26CFE30012D7CF /* CustomHeaderView.m */,
				9F3D62551B26CFBB0012D7CF /* WaterCell.h */,
				9F3D62561B26CFBB0012D7CF /* WaterCell.m */,
				9F3D62501B26CF7E0012D7CF /* RainCell.h */,
				9F3D62511B26CF7E0012D7CF /* RainCell.m */,
				9F542B631B422FA500331933 /* CustomRainHeaderView.h */,
				9F542B641B422FA500331933 /* CustomRainHeaderView.m */,
			);
			name = customCell;
			sourceTree = "<group>";
		};
		9F3D625F1B26D7C00012D7CF /* https */ = {
			isa = PBXGroup;
			children = (
				9F4546851B311660005FACCC /* ChartObject.h */,
				9F4546861B311660005FACCC /* ChartObject.m */,
				9F3D62601B26D8130012D7CF /* SiteObject.h */,
				9F3D62611B26D8130012D7CF /* SiteObject.m */,
				9F4EA33B1B2EB3390025FEE9 /* RainObject.h */,
				9F4EA33C1B2EB3390025FEE9 /* RainObject.m */,
				9F3AE1251B2FEE04005EFC86 /* WeatherObject.h */,
				9F3AE1261B2FEE04005EFC86 /* WeatherObject.m */,
				9F3AE1281B2FEEE4005EFC86 /* QiXiangObject.h */,
				9F3AE1291B2FEEE4005EFC86 /* QiXiangObject.m */,
				9F42942A1B3D27500071F461 /* ProjectObject.h */,
				9F42942B1B3D27500071F461 /* ProjectObject.m */,
				9FE497901B4120F400E97B7C /* FloodObject.h */,
				9FE497911B4120F400E97B7C /* FloodObject.m */,
			);
			name = https;
			sourceTree = "<group>";
		};
		9F4293651B3CDE7D0071F461 /* image@2x */ = {
			isa = PBXGroup;
			children = (
				9F42941E1B3CFE6F0071F461 /* user@2x.png */,
				9F4294221B3CFE850071F461 /* password@2x.png */,
				9F4293EC1B3CEF7B0071F461 /* contact_click@2x.png */,
				9F4293ED1B3CEF7B0071F461 /* contact@2x.png */,
				9F4293EE1B3CEF7B0071F461 /* flood_click@2x.png */,
				9F4293EF1B3CEF7B0071F461 /* flood@2x.png */,
				9F4293F01B3CEF7B0071F461 /* gis_click@2x.png */,
				9F4293F11B3CEF7B0071F461 /* gis@2x.png */,
				9F4293F21B3CEF7B0071F461 /* plan_click@2x.png */,
				9F4293F31B3CEF7B0071F461 /* plan@2x.png */,
				9F4293F41B3CEF7B0071F461 /* project_click@2x.png */,
				9F4293F51B3CEF7B0071F461 /* project@2x.png */,
				9F4293F61B3CEF7B0071F461 /* qixiang_click@2x.png */,
				9F4293F71B3CEF7B0071F461 /* qixiang@2x.png */,
				9F4293F81B3CEF7B0071F461 /* rain_click@2x.png */,
				9F4293F91B3CEF7B0071F461 /* rain@2x.png */,
				9F4293FA1B3CEF7B0071F461 /* setting_click@2x.png */,
				9F4293FB1B3CEF7B0071F461 /* setting@2x.png */,
				9F4293FC1B3CEF7B0071F461 /* typooh_click@2x.png */,
				9F4293FD1B3CEF7B0071F461 /* typooh@2x.png */,
				9F4293FE1B3CEF7B0071F461 /* water_click@2x.png */,
				9F4293FF1B3CEF7B0071F461 /* water@2x.png */,
				9F4294001B3CEF7B0071F461 /* weather_click@2x.png */,
				9F4294011B3CEF7B0071F461 /* weather@2x.png */,
			);
			name = "image@2x";
			sourceTree = "<group>";
		};
		9F4293661B3CDE860071F461 /* image@3x */ = {
			isa = PBXGroup;
			children = (
				9F42941F1B3CFE6F0071F461 /* user@3x.png */,
				9F4294241B3CFE8B0071F461 /* password@3x.png */,
				9F4293C01B3CEECE0071F461 /* contact_click@3x.png */,
				9F4293C11B3CEECE0071F461 /* contact@3x.png */,
				9F4293C21B3CEECE0071F461 /* flood_click@3x.png */,
				9F4293C31B3CEECE0071F461 /* flood@3x.png */,
				9F4293C41B3CEECE0071F461 /* gis_click@3x.png */,
				9F4293C51B3CEECE0071F461 /* gis@3x.png */,
				9F4293C61B3CEECE0071F461 /* plan_click@3x.png */,
				9F4293C71B3CEECE0071F461 /* plan@3x.png */,
				9F4293C81B3CEECE0071F461 /* project_click@3x.png */,
				9F4293C91B3CEECE0071F461 /* project@3x.png */,
				9F4293CA1B3CEECE0071F461 /* qixiang_click@3x.png */,
				9F4293CB1B3CEECE0071F461 /* qixiang@3x.png */,
				9F4293CC1B3CEECE0071F461 /* rain_click@3x.png */,
				9F4293CD1B3CEECE0071F461 /* rain@3x.png */,
				9F4293CE1B3CEECE0071F461 /* setting_click@3x.png */,
				9F4293CF1B3CEECE0071F461 /* setting@3x.png */,
				9F4293D01B3CEECE0071F461 /* typooh_click@3x.png */,
				9F4293D11B3CEECE0071F461 /* typooh@3x.png */,
				9F4293D21B3CEECE0071F461 /* water_click@3x.png */,
				9F4293D31B3CEECE0071F461 /* water@3x.png */,
				9F4293D41B3CEECE0071F461 /* weather_click@3x.png */,
				9F4293D51B3CEECE0071F461 /* weather@3x.png */,
			);
			name = "image@3x";
			sourceTree = "<group>";
		};
		9F4546721B3115E0005FACCC /* Chart */ = {
			isa = PBXGroup;
			children = (
				9F4546731B31162E005FACCC /* UUBar.h */,
				9F4546741B31162E005FACCC /* UUBar.m */,
				9F4546751B31162E005FACCC /* UUBarChart.h */,
				9F4546761B31162E005FACCC /* UUBarChart.m */,
				9F4546771B31162E005FACCC /* UUChart.h */,
				9F4546781B31162E005FACCC /* UUChart.m */,
				9F4546791B31162E005FACCC /* UUChartLabel.h */,
				9F45467A1B31162E005FACCC /* UUChartLabel.m */,
				9F45467B1B31162E005FACCC /* UUColor.h */,
				9F45467C1B31162E005FACCC /* UUColor.m */,
				9F45467D1B31162E005FACCC /* UULineChart.h */,
				9F45467E1B31162E005FACCC /* UULineChart.m */,
			);
			name = Chart;
			sourceTree = "<group>";
		};
		9F4546891B311B0E005FACCC /* chartView */ = {
			isa = PBXGroup;
			children = (
				9F45468A1B311B25005FACCC /* ChartViewController.h */,
				9F45468B1B311B25005FACCC /* ChartViewController.m */,
			);
			name = chartView;
			sourceTree = "<group>";
		};
		9F4546A11B317927005FACCC /* flood */ = {
			isa = PBXGroup;
			children = (
				9F4546A21B31794B005FACCC /* FloodViewController.h */,
				9F4546A31B31794B005FACCC /* FloodViewController.m */,
				9F4546A51B317D0A005FACCC /* FloodDetailController.h */,
				9F4546A61B317D0A005FACCC /* FloodDetailController.m */,
			);
			name = flood;
			sourceTree = "<group>";
		};
		9F4EA3411B2EBA040025FEE9 /* Rain */ = {
			isa = PBXGroup;
			children = (
				9F91590F1B25772700CFA0DB /* RainViewController.h */,
				9F9159101B25772700CFA0DB /* RainViewController.m */,
				9F45469E1B314B73005FACCC /* FilterViewController.h */,
				9F45469F1B314B73005FACCC /* FilterViewController.m */,
			);
			name = Rain;
			sourceTree = "<group>";
		};
		9F4EA3451B2EBA590025FEE9 /* Until */ = {
			isa = PBXGroup;
			children = (
				9F4EA3461B2EBA800025FEE9 /* CustomDateActionSheet.h */,
				9F4EA3471B2EBA800025FEE9 /* CustomDateActionSheet.m */,
				9F4EA3481B2EBA800025FEE9 /* CustomDateActionSheet.xib */,
			);
			name = Until;
			sourceTree = "<group>";
		};
		9F542B661B423CD700331933 /* Water */ = {
			isa = PBXGroup;
			children = (
				9F91590C1B2576FF00CFA0DB /* WaterViewController.h */,
				9F91590D1B2576FF00CFA0DB /* WaterViewController.m */,
				9F542B671B423CF800331933 /* RainChartController.h */,
				9F542B681B423CF800331933 /* RainChartController.m */,
			);
			name = Water;
			sourceTree = "<group>";
		};
		9F91590B1B2576EE00CFA0DB /* items */ = {
			isa = PBXGroup;
			children = (
				9F542B661B423CD700331933 /* Water */,
				9F3722611B39032900E468AF /* Project */,
				9F4546A11B317927005FACCC /* flood */,
				9F4546891B311B0E005FACCC /* chartView */,
				9F3AE12F1B2FF0EF005EFC86 /* Weather */,
				9F3AE12B1B2FF0B5005EFC86 /* QiXiang  */,
				9F4EA3411B2EBA040025FEE9 /* Rain */,
			);
			name = items;
			sourceTree = "<group>";
		};
/* End PBXGroup section */

/* Begin PBXNativeTarget section */
		9F35AA981B1FEDA400D9D329 /* ShanHongProject */ = {
			isa = PBXNativeTarget;
			buildConfigurationList = 9F35AABC1B1FEDA400D9D329 /* Build configuration list for PBXNativeTarget "ShanHongProject" */;
			buildPhases = (
				323BCD82A8AF75FCD872B349 /* Check Pods Manifest.lock */,
				9F35AA951B1FEDA400D9D329 /* Sources */,
				9F35AA961B1FEDA400D9D329 /* Frameworks */,
				9F35AA971B1FEDA400D9D329 /* Resources */,
				245E2AFD2BE9546A45F7A917 /* Copy Pods Resources */,
			);
			buildRules = (
			);
			dependencies = (
			);
			name = ShanHongProject;
			productName = ShanHongProject;
			productReference = 9F35AA991B1FEDA400D9D329 /* ShanHongProject.app */;
			productType = "com.apple.product-type.application";
		};
		9F35AAB11B1FEDA400D9D329 /* ShanHongProjectTests */ = {
			isa = PBXNativeTarget;
			buildConfigurationList = 9F35AABF1B1FEDA400D9D329 /* Build configuration list for PBXNativeTarget "ShanHongProjectTests" */;
			buildPhases = (
				9F35AAAE1B1FEDA400D9D329 /* Sources */,
				9F35AAAF1B1FEDA400D9D329 /* Frameworks */,
				9F35AAB01B1FEDA400D9D329 /* Resources */,
			);
			buildRules = (
			);
			dependencies = (
				9F35AAB41B1FEDA400D9D329 /* PBXTargetDependency */,
			);
			name = ShanHongProjectTests;
			productName = ShanHongProjectTests;
			productReference = 9F35AAB21B1FEDA400D9D329 /* ShanHongProjectTests.xctest */;
			productType = "com.apple.product-type.bundle.unit-test";
		};
/* End PBXNativeTarget section */

/* Begin PBXProject section */
		9F35AA911B1FEDA400D9D329 /* Project object */ = {
			isa = PBXProject;
			attributes = {
				LastUpgradeCheck = 0630;
				ORGANIZATIONNAME = teddy;
				TargetAttributes = {
					9F35AA981B1FEDA400D9D329 = {
						CreatedOnToolsVersion = 6.3.1;
					};
					9F35AAB11B1FEDA400D9D329 = {
						CreatedOnToolsVersion = 6.3.1;
						TestTargetID = 9F35AA981B1FEDA400D9D329;
					};
				};
			};
			buildConfigurationList = 9F35AA941B1FEDA400D9D329 /* Build configuration list for PBXProject "ShanHongProject" */;
			compatibilityVersion = "Xcode 3.2";
			developmentRegion = English;
			hasScannedForEncodings = 0;
			knownRegions = (
				en,
				Base,
			);
			mainGroup = 9F35AA901B1FEDA300D9D329;
			productRefGroup = 9F35AA9A1B1FEDA400D9D329 /* Products */;
			projectDirPath = "";
			projectRoot = "";
			targets = (
				9F35AA981B1FEDA400D9D329 /* ShanHongProject */,
				9F35AAB11B1FEDA400D9D329 /* ShanHongProjectTests */,
			);
		};
/* End PBXProject section */

/* Begin PBXResourcesBuildPhase section */
		9F35AA971B1FEDA400D9D329 /* Resources */ = {
			isa = PBXResourcesBuildPhase;
			buildActionMask = 2147483647;
			files = (
				9F4294141B3CEF7B0071F461 /* water_click@2x.png in Resources */,
				9F4293EA1B3CEECE0071F461 /* weather_click@3x.png in Resources */,
				9F4294021B3CEF7B0071F461 /* contact_click@2x.png in Resources */,
				9F42940F1B3CEF7B0071F461 /* rain@2x.png in Resources */,
				9F4294211B3CFE6F0071F461 /* user@3x.png in Resources */,
				9F42940A1B3CEF7B0071F461 /* project_click@2x.png in Resources */,
				9F4EA34F1B2EBA9E0025FEE9 /* btn_020@2x.png in Resources */,
				9F3D62541B26CFB20012D7CF /* WaterCell.xib in Resources */,
				9F35AB121B201FE300D9D329 /* flood.png in Resources */,
				9F35AB1F1B201FE300D9D329 /* typooh_click.png in Resources */,
				9F35AB231B201FE300D9D329 /* weather_click.png in Resources */,
				9F35AB181B201FE300D9D329 /* project.png in Resources */,
				9F3CE9E81B27C6F60068EBA7 /* SVProgressHUD.bundle in Resources */,
				9F4293DA1B3CEECE0071F461 /* gis_click@3x.png in Resources */,
				9F35AAAA1B1FEDA400D9D329 /* Images.xcassets in Resources */,
				9F4293D71B3CEECE0071F461 /* contact@3x.png in Resources */,
				9F35AB151B201FE300D9D329 /* plan_click.png in Resources */,
				9F42940B1B3CEF7B0071F461 /* project@2x.png in Resources */,
				9F4293D91B3CEECE0071F461 /* flood@3x.png in Resources */,
				9F4294101B3CEF7B0071F461 /* setting_click@2x.png in Resources */,
				9F35AAC31B1FEE7C00D9D329 /* Main.storyboard in Resources */,
				9F4294151B3CEF7B0071F461 /* water@2x.png in Resources */,
				9F4293E41B3CEECE0071F461 /* setting_click@3x.png in Resources */,
				9F4293E71B3CEECE0071F461 /* typooh@3x.png in Resources */,
				9F4293EB1B3CEECE0071F461 /* weather@3x.png in Resources */,
				9F4294061B3CEF7B0071F461 /* gis_click@2x.png in Resources */,
				9F4294291B3CFE960071F461 /* user.png in Resources */,
				9F4293E51B3CEECE0071F461 /* setting@3x.png in Resources */,
				9F35AB1C1B201FE300D9D329 /* rain.png in Resources */,
				9F3AE1441B30153A005EFC86 /* shady.png in Resources */,
				9F35AB111B201FE300D9D329 /* flood_click.png in Resources */,
				9F35AB131B201FE300D9D329 /* gis_click.png in Resources */,
				9F4293E81B3CEECE0071F461 /* water_click@3x.png in Resources */,
				9F4294171B3CEF7B0071F461 /* weather@2x.png in Resources */,
				9F4EA34A1B2EBA800025FEE9 /* CustomDateActionSheet.xib in Resources */,
				9F4294251B3CFE8B0071F461 /* password@3x.png in Resources */,
				9F4293E21B3CEECE0071F461 /* rain_click@3x.png in Resources */,
				9F3AE1421B30153A005EFC86 /* foggy.png in Resources */,
				9F4294231B3CFE850071F461 /* password@2x.png in Resources */,
				9F35AB161B201FE300D9D329 /* plan.png in Resources */,
				9F3AE1451B30153A005EFC86 /* showers.png in Resources */,
				9F42940E1B3CEF7B0071F461 /* rain_click@2x.png in Resources */,
				9F4294071B3CEF7B0071F461 /* gis@2x.png in Resources */,
				9F4293E61B3CEECE0071F461 /* typooh_click@3x.png in Resources */,
				9F4293E01B3CEECE0071F461 /* qixiang_click@3x.png in Resources */,
				9F4293E31B3CEECE0071F461 /* rain@3x.png in Resources */,
				9F4294081B3CEF7B0071F461 /* plan_click@2x.png in Resources */,
				9F35AB171B201FE300D9D329 /* project_click.png in Resources */,
				9F35AB1A1B201FE300D9D329 /* qixiang.png in Resources */,
				9F3AE1411B30153A005EFC86 /* cloudy.png in Resources */,
				9F3AE1431B30153A005EFC86 /* rainy.png in Resources */,
				9F45468F1B314649005FACCC /* left.png in Resources */,
				9F4546921B3146EE005FACCC /* filter.png in Resources */,
				9F4294281B3CFE960071F461 /* password.png in Resources */,
				9F4293DF1B3CEECE0071F461 /* project@3x.png in Resources */,
				9F4294031B3CEF7B0071F461 /* contact@2x.png in Resources */,
				9F42940C1B3CEF7B0071F461 /* qixiang_click@2x.png in Resources */,
				9F3AE14A1B30153A005EFC86 /* tq.jpg in Resources */,
				9F4294121B3CEF7B0071F461 /* typooh_click@2x.png in Resources */,
				9F35AB141B201FE300D9D329 /* gis.png in Resources */,
				9F4293D81B3CEECE0071F461 /* flood_click@3x.png in Resources */,
				9F3D624C1B26CF3C0012D7CF /* RainHeaderView.xib in Resources */,
				9F4293DB1B3CEECE0071F461 /* gis@3x.png in Resources */,
				9F4294051B3CEF7B0071F461 /* flood@2x.png in Resources */,
				9F3D624E1B26CF500012D7CF /* Rain.xib in Resources */,
				9F4294201B3CFE6F0071F461 /* user@2x.png in Resources */,
				9F35AB211B201FE300D9D329 /* water_click.png in Resources */,
				9F4294091B3CEF7B0071F461 /* plan@2x.png in Resources */,
				9F35AB101B201FE300D9D329 /* contact.png in Resources */,
				9F35AB0F1B201FE300D9D329 /* contact_click.png in Resources */,
				9F4546901B314649005FACCC /* right.png in Resources */,
				9F4294161B3CEF7B0071F461 /* weather_click@2x.png in Resources */,
				9F4293DC1B3CEECE0071F461 /* plan_click@3x.png in Resources */,
				9F3D62591B26CFCE0012D7CF /* CustomHeaderView.xib in Resources */,
				9F42940D1B3CEF7B0071F461 /* qixiang@2x.png in Resources */,
				9F4293E11B3CEECE0071F461 /* qixiang@3x.png in Resources */,
				9F4294111B3CEF7B0071F461 /* setting@2x.png in Resources */,
				9F35AB1E1B201FE300D9D329 /* setting.png in Resources */,
				9F35AB201B201FE300D9D329 /* typooh.png in Resources */,
				9F35AB191B201FE300D9D329 /* qixiang_click.png in Resources */,
				9F3AE1471B30153A005EFC86 /* sun.png in Resources */,
				9F35AB221B201FE300D9D329 /* water.png in Resources */,
				9F3AE1481B30153A005EFC86 /* sunny.png in Resources */,
				9F4293E91B3CEECE0071F461 /* water@3x.png in Resources */,
				9F3AE1491B30153A005EFC86 /* sunTocloudy.png in Resources */,
				9F35AB1D1B201FE300D9D329 /* setting_click.png in Resources */,
				9F4EA34E1B2EBA9E0025FEE9 /* bg_023@2x.png in Resources */,
				9F4293DD1B3CEECE0071F461 /* plan@3x.png in Resources */,
				9F4293DE1B3CEECE0071F461 /* project_click@3x.png in Resources */,
				9F4294131B3CEF7B0071F461 /* typooh@2x.png in Resources */,
				9F35AB241B201FE300D9D329 /* weather.png in Resources */,
				9F4EA3501B2EBA9E0025FEE9 /* btn_021@2x.png in Resources */,
				9F4293D61B3CEECE0071F461 /* contact_click@3x.png in Resources */,
				9F4294041B3CEF7B0071F461 /* flood_click@2x.png in Resources */,
				9F3AE1461B30153A005EFC86 /* snowy.png in Resources */,
				9F35AB1B1B201FE300D9D329 /* rain_click.png in Resources */,
			);
			runOnlyForDeploymentPostprocessing = 0;
		};
		9F35AAB01B1FEDA400D9D329 /* Resources */ = {
			isa = PBXResourcesBuildPhase;
			buildActionMask = 2147483647;
			files = (
			);
			runOnlyForDeploymentPostprocessing = 0;
		};
/* End PBXResourcesBuildPhase section */

/* Begin PBXShellScriptBuildPhase section */
		245E2AFD2BE9546A45F7A917 /* Copy Pods Resources */ = {
			isa = PBXShellScriptBuildPhase;
			buildActionMask = 2147483647;
			files = (
			);
			inputPaths = (
			);
			name = "Copy Pods Resources";
			outputPaths = (
			);
			runOnlyForDeploymentPostprocessing = 0;
			shellPath = /bin/sh;
			shellScript = "\"${SRCROOT}/Pods/Target Support Files/Pods/Pods-resources.sh\"\n";
			showEnvVarsInLog = 0;
		};
		323BCD82A8AF75FCD872B349 /* Check Pods Manifest.lock */ = {
			isa = PBXShellScriptBuildPhase;
			buildActionMask = 2147483647;
			files = (
			);
			inputPaths = (
			);
			name = "Check Pods Manifest.lock";
			outputPaths = (
			);
			runOnlyForDeploymentPostprocessing = 0;
			shellPath = /bin/sh;
			shellScript = "diff \"${PODS_ROOT}/../Podfile.lock\" \"${PODS_ROOT}/Manifest.lock\" > /dev/null\nif [[ $? != 0 ]] ; then\n    cat << EOM\nerror: The sandbox is not in sync with the Podfile.lock. Run 'pod install' or update your CocoaPods installation.\nEOM\n    exit 1\nfi\n";
			showEnvVarsInLog = 0;
		};
/* End PBXShellScriptBuildPhase section */

/* Begin PBXSourcesBuildPhase section */
		9F35AA951B1FEDA400D9D329 /* Sources */ = {
			isa = PBXSourcesBuildPhase;
			buildActionMask = 2147483647;
			files = (
				9F42942C1B3D27500071F461 /* ProjectObject.m in Sources */,
				9F35AAA21B1FEDA400D9D329 /* AppDelegate.m in Sources */,
				9F4EA3401B2EB7940025FEE9 /* UIView+RootView.m in Sources */,
				9F3D62571B26CFBB0012D7CF /* WaterCell.m in Sources */,
				9F91590A1B25763800CFA0DB /* MenuViewController.m in Sources */,
				9F3D62651B26DA220012D7CF /* SingleInstanceObject.m in Sources */,
				9F3722671B39295A00E468AF /* ProjectListController.m in Sources */,
				9F4EA33D1B2EB3390025FEE9 /* RainObject.m in Sources */,
				9F9159141B25841000CFA0DB /* LoginViewController.m in Sources */,
				9FE497921B4120F400E97B7C /* FloodObject.m in Sources */,
				9F3AE12E1B2FF0CC005EFC86 /* QiXiangViewController.m in Sources */,
				9F4546811B31162E005FACCC /* UUChart.m in Sources */,
				9F4546871B311660005FACCC /* ChartObject.m in Sources */,
				9F3722641B39033E00E468AF /* ProjectViewController.m in Sources */,
				9F4546A41B31794B005FACCC /* FloodViewController.m in Sources */,
				9F4546831B31162E005FACCC /* UUColor.m in Sources */,
				9F9159111B25772700CFA0DB /* RainViewController.m in Sources */,
				9F45467F1B31162E005FACCC /* UUBar.m in Sources */,
				9F4546821B31162E005FACCC /* UUChartLabel.m in Sources */,
				9F4546841B31162E005FACCC /* UULineChart.m in Sources */,
				9F3AE1271B2FEE04005EFC86 /* WeatherObject.m in Sources */,
				9F3D62491B26B6390012D7CF /* StationSelectController.m in Sources */,
				9F4EA3491B2EBA800025FEE9 /* CustomDateActionSheet.m in Sources */,
				9F4546801B31162E005FACCC /* UUBarChart.m in Sources */,
				9F91590E1B2576FF00CFA0DB /* WaterViewController.m in Sources */,
				9F3AE1321B2FF100005EFC86 /* WeatherViewController.m in Sources */,
				9F37229F1B39330E00E468AF /* ProjectDetailController.m in Sources */,
				9F542B651B422FA500331933 /* CustomRainHeaderView.m in Sources */,
				9F45468C1B311B25005FACCC /* ChartViewController.m in Sources */,
				9F4546A01B314B73005FACCC /* FilterViewController.m in Sources */,
				9F3AE1351B2FF3C3005EFC86 /* QxDetailController.m in Sources */,
				9F35AA9F1B1FEDA400D9D329 /* main.m in Sources */,
				9F542B691B423CF800331933 /* RainChartController.m in Sources */,
				9F3CE9E91B27C6F60068EBA7 /* SVProgressHUD.m in Sources */,
				9F3AE12A1B2FEEE4005EFC86 /* QiXiangObject.m in Sources */,
				9F3D625C1B26CFE30012D7CF /* CustomHeaderView.m in Sources */,
				9F4546A71B317D0A005FACCC /* FloodDetailController.m in Sources */,
				9F3D62621B26D8130012D7CF /* SiteObject.m in Sources */,
				9F3D62521B26CF7E0012D7CF /* RainCell.m in Sources */,
				9FE4978E1B40D75C00E97B7C /* QualityCell.m in Sources */,
			);
			runOnlyForDeploymentPostprocessing = 0;
		};
		9F35AAAE1B1FEDA400D9D329 /* Sources */ = {
			isa = PBXSourcesBuildPhase;
			buildActionMask = 2147483647;
			files = (
				9F35AAB91B1FEDA400D9D329 /* ShanHongProjectTests.m in Sources */,
			);
			runOnlyForDeploymentPostprocessing = 0;
		};
/* End PBXSourcesBuildPhase section */

/* Begin PBXTargetDependency section */
		9F35AAB41B1FEDA400D9D329 /* PBXTargetDependency */ = {
			isa = PBXTargetDependency;
			target = 9F35AA981B1FEDA400D9D329 /* ShanHongProject */;
			targetProxy = 9F35AAB31B1FEDA400D9D329 /* PBXContainerItemProxy */;
		};
/* End PBXTargetDependency section */

/* Begin XCBuildConfiguration section */
		9F35AABA1B1FEDA400D9D329 /* Debug */ = {
			isa = XCBuildConfiguration;
			buildSettings = {
				ALWAYS_SEARCH_USER_PATHS = NO;
				CLANG_CXX_LANGUAGE_STANDARD = "gnu++0x";
				CLANG_CXX_LIBRARY = "libc++";
				CLANG_ENABLE_MODULES = YES;
				CLANG_ENABLE_OBJC_ARC = YES;
				CLANG_WARN_BOOL_CONVERSION = YES;
				CLANG_WARN_CONSTANT_CONVERSION = YES;
				CLANG_WARN_DIRECT_OBJC_ISA_USAGE = YES_ERROR;
				CLANG_WARN_EMPTY_BODY = YES;
				CLANG_WARN_ENUM_CONVERSION = YES;
				CLANG_WARN_INT_CONVERSION = YES;
				CLANG_WARN_OBJC_ROOT_CLASS = YES_ERROR;
				CLANG_WARN_UNREACHABLE_CODE = YES;
				CLANG_WARN__DUPLICATE_METHOD_MATCH = YES;
				"CODE_SIGN_IDENTITY[sdk=iphoneos*]" = "iPhone Developer";
				COPY_PHASE_STRIP = NO;
				DEBUG_INFORMATION_FORMAT = "dwarf-with-dsym";
				ENABLE_STRICT_OBJC_MSGSEND = YES;
				GCC_C_LANGUAGE_STANDARD = gnu99;
				GCC_DYNAMIC_NO_PIC = NO;
				GCC_NO_COMMON_BLOCKS = YES;
				GCC_OPTIMIZATION_LEVEL = 0;
				GCC_PREPROCESSOR_DEFINITIONS = (
					"DEBUG=1",
					"$(inherited)",
				);
				GCC_SYMBOLS_PRIVATE_EXTERN = NO;
				GCC_WARN_64_TO_32_BIT_CONVERSION = YES;
				GCC_WARN_ABOUT_RETURN_TYPE = YES_ERROR;
				GCC_WARN_UNDECLARED_SELECTOR = YES;
				GCC_WARN_UNINITIALIZED_AUTOS = YES_AGGRESSIVE;
				GCC_WARN_UNUSED_FUNCTION = YES;
				GCC_WARN_UNUSED_VARIABLE = YES;
				IPHONEOS_DEPLOYMENT_TARGET = 8.3;
				MTL_ENABLE_DEBUG_INFO = YES;
				ONLY_ACTIVE_ARCH = YES;
				SDKROOT = iphoneos;
			};
			name = Debug;
		};
		9F35AABB1B1FEDA400D9D329 /* Release */ = {
			isa = XCBuildConfiguration;
			buildSettings = {
				ALWAYS_SEARCH_USER_PATHS = NO;
				CLANG_CXX_LANGUAGE_STANDARD = "gnu++0x";
				CLANG_CXX_LIBRARY = "libc++";
				CLANG_ENABLE_MODULES = YES;
				CLANG_ENABLE_OBJC_ARC = YES;
				CLANG_WARN_BOOL_CONVERSION = YES;
				CLANG_WARN_CONSTANT_CONVERSION = YES;
				CLANG_WARN_DIRECT_OBJC_ISA_USAGE = YES_ERROR;
				CLANG_WARN_EMPTY_BODY = YES;
				CLANG_WARN_ENUM_CONVERSION = YES;
				CLANG_WARN_INT_CONVERSION = YES;
				CLANG_WARN_OBJC_ROOT_CLASS = YES_ERROR;
				CLANG_WARN_UNREACHABLE_CODE = YES;
				CLANG_WARN__DUPLICATE_METHOD_MATCH = YES;
				"CODE_SIGN_IDENTITY[sdk=iphoneos*]" = "iPhone Developer";
				COPY_PHASE_STRIP = NO;
				DEBUG_INFORMATION_FORMAT = "dwarf-with-dsym";
				ENABLE_NS_ASSERTIONS = NO;
				ENABLE_STRICT_OBJC_MSGSEND = YES;
				GCC_C_LANGUAGE_STANDARD = gnu99;
				GCC_NO_COMMON_BLOCKS = YES;
				GCC_WARN_64_TO_32_BIT_CONVERSION = YES;
				GCC_WARN_ABOUT_RETURN_TYPE = YES_ERROR;
				GCC_WARN_UNDECLARED_SELECTOR = YES;
				GCC_WARN_UNINITIALIZED_AUTOS = YES_AGGRESSIVE;
				GCC_WARN_UNUSED_FUNCTION = YES;
				GCC_WARN_UNUSED_VARIABLE = YES;
				IPHONEOS_DEPLOYMENT_TARGET = 8.3;
				MTL_ENABLE_DEBUG_INFO = NO;
				SDKROOT = iphoneos;
				VALIDATE_PRODUCT = YES;
			};
			name = Release;
		};
		9F35AABD1B1FEDA400D9D329 /* Debug */ = {
			isa = XCBuildConfiguration;
			baseConfigurationReference = 4507F2DE121D4CECF0228D83 /* Pods.debug.xcconfig */;
			buildSettings = {
				ASSETCATALOG_COMPILER_APPICON_NAME = AppIcon;
				ASSETCATALOG_COMPILER_LAUNCHIMAGE_NAME = LaunchImage;
				CODE_SIGN_IDENTITY = "iPhone Developer: roger ace (W6A2225E87)";
				GCC_PRECOMPILE_PREFIX_HEADER = YES;
				GCC_PREFIX_HEADER = "$(SRCROOT)/ShanHongProject/PrefixHeader.pch";
				INFOPLIST_FILE = ShanHongProject/Info.plist;
				IPHONEOS_DEPLOYMENT_TARGET = 6.0;
				LD_RUNPATH_SEARCH_PATHS = "$(inherited) @executable_path/Frameworks";
				PRODUCT_NAME = "$(TARGET_NAME)";
				PROVISIONING_PROFILE = "c170e487-2b4c-4c20-8c31-74e79e864c95";
				USER_HEADER_SEARCH_PATHS = "${SRCROOT}/**";
			};
			name = Debug;
		};
		9F35AABE1B1FEDA400D9D329 /* Release */ = {
			isa = XCBuildConfiguration;
			baseConfigurationReference = F43998246FF8AB027E1BE5BF /* Pods.release.xcconfig */;
			buildSettings = {
				ASSETCATALOG_COMPILER_APPICON_NAME = AppIcon;
				ASSETCATALOG_COMPILER_LAUNCHIMAGE_NAME = LaunchImage;
				CODE_SIGN_IDENTITY = "iPhone Developer: roger ace (W6A2225E87)";
				"CODE_SIGN_IDENTITY[sdk=iphoneos*]" = "iPhone Developer: roger ace (W6A2225E87)";
				GCC_PRECOMPILE_PREFIX_HEADER = YES;
				GCC_PREFIX_HEADER = "$(SRCROOT)/ShanHongProject/PrefixHeader.pch";
				INFOPLIST_FILE = ShanHongProject/Info.plist;
				IPHONEOS_DEPLOYMENT_TARGET = 6.0;
				LD_RUNPATH_SEARCH_PATHS = "$(inherited) @executable_path/Frameworks";
				PRODUCT_NAME = "$(TARGET_NAME)";
				PROVISIONING_PROFILE = "c170e487-2b4c-4c20-8c31-74e79e864c95";
				USER_HEADER_SEARCH_PATHS = "${SRCROOT}/**";
			};
			name = Release;
		};
		9F35AAC01B1FEDA400D9D329 /* Debug */ = {
			isa = XCBuildConfiguration;
			buildSettings = {
				BUNDLE_LOADER = "$(TEST_HOST)";
				FRAMEWORK_SEARCH_PATHS = (
					"$(SDKROOT)/Developer/Library/Frameworks",
					"$(inherited)",
				);
				GCC_PREPROCESSOR_DEFINITIONS = (
					"DEBUG=1",
					"$(inherited)",
				);
				INFOPLIST_FILE = ShanHongProjectTests/Info.plist;
				LD_RUNPATH_SEARCH_PATHS = "$(inherited) @executable_path/Frameworks @loader_path/Frameworks";
				PRODUCT_NAME = "$(TARGET_NAME)";
				TEST_HOST = "$(BUILT_PRODUCTS_DIR)/ShanHongProject.app/ShanHongProject";
			};
			name = Debug;
		};
		9F35AAC11B1FEDA400D9D329 /* Release */ = {
			isa = XCBuildConfiguration;
			buildSettings = {
				BUNDLE_LOADER = "$(TEST_HOST)";
				FRAMEWORK_SEARCH_PATHS = (
					"$(SDKROOT)/Developer/Library/Frameworks",
					"$(inherited)",
				);
				INFOPLIST_FILE = ShanHongProjectTests/Info.plist;
				LD_RUNPATH_SEARCH_PATHS = "$(inherited) @executable_path/Frameworks @loader_path/Frameworks";
				PRODUCT_NAME = "$(TARGET_NAME)";
				TEST_HOST = "$(BUILT_PRODUCTS_DIR)/ShanHongProject.app/ShanHongProject";
			};
			name = Release;
		};
/* End XCBuildConfiguration section */

/* Begin XCConfigurationList section */
		9F35AA941B1FEDA400D9D329 /* Build configuration list for PBXProject "ShanHongProject" */ = {
			isa = XCConfigurationList;
			buildConfigurations = (
				9F35AABA1B1FEDA400D9D329 /* Debug */,
				9F35AABB1B1FEDA400D9D329 /* Release */,
			);
			defaultConfigurationIsVisible = 0;
			defaultConfigurationName = Release;
		};
		9F35AABC1B1FEDA400D9D329 /* Build configuration list for PBXNativeTarget "ShanHongProject" */ = {
			isa = XCConfigurationList;
			buildConfigurations = (
				9F35AABD1B1FEDA400D9D329 /* Debug */,
				9F35AABE1B1FEDA400D9D329 /* Release */,
			);
			defaultConfigurationIsVisible = 0;
			defaultConfigurationName = Release;
		};
		9F35AABF1B1FEDA400D9D329 /* Build configuration list for PBXNativeTarget "ShanHongProjectTests" */ = {
			isa = XCConfigurationList;
			buildConfigurations = (
				9F35AAC01B1FEDA400D9D329 /* Debug */,
				9F35AAC11B1FEDA400D9D329 /* Release */,
			);
			defaultConfigurationIsVisible = 0;
			defaultConfigurationName = Release;
		};
/* End XCConfigurationList section */
	};
	rootObject = 9F35AA911B1FEDA400D9D329 /* Project object */;
}
